// !$*UTF8*$!
{
	archiveVersion = 1;
	classes = {
	};
	objectVersion = 46;
	objects = {

/* Begin PBXAggregateTarget section */
		8261841F1BA80E2400D8B9AB /* Perl Module (5.22.0) */ = {
			isa = PBXAggregateTarget;
			buildConfigurationList = 826184251BA80E2400D8B9AB /* Build configuration list for PBXAggregateTarget "Perl Module (5.22.0)" */;
			buildPhases = (
				826184241BA80E2400D8B9AB /* ShellScript */,
			);
			dependencies = (
				826184221BA80E2400D8B9AB /* PBXTargetDependency */,
			);
			name = "Perl Module (5.22.0)";
			productName = "Perl Module";
		};
		AA7F61620DCCFBA900D20E5E /* All */ = {
			isa = PBXAggregateTarget;
			buildConfigurationList = AA7F61710DCCFBA900D20E5E /* Build configuration list for PBXAggregateTarget "All" */;
			buildPhases = (
			);
			dependencies = (
				AA35BF2F122D9ED0004C705B /* PBXTargetDependency */,
				AA6D089A122C6D9200ED0CC7 /* PBXTargetDependency */,
			);
			name = All;
			productName = All;
		};
		FFE361381057267700F0CA90 /* Snow Leopard */ = {
			isa = PBXAggregateTarget;
			buildConfigurationList = FFE3613F1057267700F0CA90 /* Build configuration list for PBXAggregateTarget "Snow Leopard" */;
			buildPhases = (
			);
			dependencies = (
			);
			name = "Snow Leopard";
			productName = All;
		};
/* End PBXAggregateTarget section */

/* Begin PBXBuildFile section */
		82048DA31C96AF3500668B4F /* CGPoint.pm in Resources */ = {isa = PBXBuildFile; fileRef = 82048DA01C96AF3500668B4F /* CGPoint.pm */; };
		82048DA41C96AF3500668B4F /* CGRect.pm in Resources */ = {isa = PBXBuildFile; fileRef = 82048DA11C96AF3500668B4F /* CGRect.pm */; };
		82048DA51C96AF3500668B4F /* CGSize.pm in Resources */ = {isa = PBXBuildFile; fileRef = 82048DA21C96AF3500668B4F /* CGSize.pm */; };
		826183FC1BA8095B00D8B9AB /* PluginInfo-5.22.0.plist in Resources */ = {isa = PBXBuildFile; fileRef = 826183FB1BA8095B00D8B9AB /* PluginInfo-5.22.0.plist */; };
		826183FE1BA8099E00D8B9AB /* libperl.dylib in Frameworks */ = {isa = PBXBuildFile; fileRef = 826183FD1BA8099E00D8B9AB /* libperl.dylib */; };
		826184071BA80E0E00D8B9AB /* CBPerl.m in Sources */ = {isa = PBXBuildFile; fileRef = AA50E3AC0C875DB7004DA7BD /* CBPerl.m */; settings = {COMPILER_FLAGS = "-Wno-objc-protocol-method-implementation"; }; };
		826184081BA80E0E00D8B9AB /* CBPerlArray.m in Sources */ = {isa = PBXBuildFile; fileRef = AA50E3AE0C875DB7004DA7BD /* CBPerlArray.m */; settings = {COMPILER_FLAGS = "-Wno-objc-protocol-method-implementation"; }; };
		826184091BA80E0E00D8B9AB /* CBPerlHash.m in Sources */ = {isa = PBXBuildFile; fileRef = AA50E3B10C875DB7004DA7BD /* CBPerlHash.m */; settings = {COMPILER_FLAGS = "-Wno-objc-protocol-method-implementation"; }; };
		8261840A1BA80E0E00D8B9AB /* CBPerlObject.m in Sources */ = {isa = PBXBuildFile; fileRef = AA50E3B40C875DB7004DA7BD /* CBPerlObject.m */; settings = {COMPILER_FLAGS = "-Wno-objc-protocol-method-implementation"; }; };
		8261840B1BA80E0E00D8B9AB /* CBPerlObjectInternals.m in Sources */ = {isa = PBXBuildFile; fileRef = AA50E3B60C875DB7004DA7BD /* CBPerlObjectInternals.m */; };
		8261840C1BA80E0E00D8B9AB /* CBPerlScalar.m in Sources */ = {isa = PBXBuildFile; fileRef = AA50E3B80C875DB7004DA7BD /* CBPerlScalar.m */; settings = {COMPILER_FLAGS = "-Wno-objc-protocol-method-implementation"; }; };
		8261840D1BA80E0E00D8B9AB /* CBPerlScalarInternals.m in Sources */ = {isa = PBXBuildFile; fileRef = AA50E3BA0C875DB7004DA7BD /* CBPerlScalarInternals.m */; };
		8261840E1BA80E0E00D8B9AB /* Conversions.m in Sources */ = {isa = PBXBuildFile; fileRef = AA50E3BF0C875DB7004DA7BD /* Conversions.m */; };
		8261840F1BA80E0E00D8B9AB /* Globals.m in Sources */ = {isa = PBXBuildFile; fileRef = AA50E3C40C875DB7004DA7BD /* Globals.m */; };
		826184101BA80E0E00D8B9AB /* NativeMethods.m in Sources */ = {isa = PBXBuildFile; fileRef = AA50E3C70C875DB7004DA7BD /* NativeMethods.m */; };
		826184111BA80E0E00D8B9AB /* PerlMethods.m in Sources */ = {isa = PBXBuildFile; fileRef = AA50E3CB0C875DB7004DA7BD /* PerlMethods.m */; };
		826184121BA80E0E00D8B9AB /* perlxsi.c in Sources */ = {isa = PBXBuildFile; fileRef = AA50E3CC0C875DB7004DA7BD /* perlxsi.c */; };
		826184131BA80E0E00D8B9AB /* Runtime.m in Sources */ = {isa = PBXBuildFile; fileRef = AA50E3D00C875DB7004DA7BD /* Runtime.m */; };
		826184141BA80E0E00D8B9AB /* Structs.m in Sources */ = {isa = PBXBuildFile; fileRef = AA50E3D30C875DB7004DA7BD /* Structs.m */; };
		826184151BA80E0E00D8B9AB /* Wrappers.m in Sources */ = {isa = PBXBuildFile; fileRef = AA50E3D90C875DB8004DA7BD /* Wrappers.m */; };
		826184171BA80E0E00D8B9AB /* CamelBones.framework in Frameworks */ = {isa = PBXBuildFile; fileRef = AA9142060CC98CCE0055B0E5 /* CamelBones.framework */; };
		826184421BA8179700D8B9AB /* EXTERN.h in Headers */ = {isa = PBXBuildFile; fileRef = 826184411BA8179700D8B9AB /* EXTERN.h */; };
		826184441BA817B800D8B9AB /* perl.h in Headers */ = {isa = PBXBuildFile; fileRef = 826184431BA817B800D8B9AB /* perl.h */; };
		826184461BA817CA00D8B9AB /* XSUB.h in Headers */ = {isa = PBXBuildFile; fileRef = 826184451BA817CA00D8B9AB /* XSUB.h */; };
		8261844B1BA8577700D8B9AB /* libperl.dylib in Frameworks */ = {isa = PBXBuildFile; fileRef = 826183FD1BA8099E00D8B9AB /* libperl.dylib */; };
		82748FDF1CB46C9300E8BC01 /* libffi.dylib in Frameworks */ = {isa = PBXBuildFile; fileRef = 82748FD21CB462EA00E8BC01 /* libffi.dylib */; };
		82748FE01CB46CCD00E8BC01 /* libffi.dylib in Copy Files */ = {isa = PBXBuildFile; fileRef = 82748FD21CB462EA00E8BC01 /* libffi.dylib */; };
		84B5407B0DA17E9300C351C3 /* CBDummyModule.pm in Resources */ = {isa = PBXBuildFile; fileRef = 84B5406F0DA17D3800C351C3 /* CBDummyModule.pm */; };
		AA83FE1C0CC9EABB00E56F20 /* typemap in CopyFiles */ = {isa = PBXBuildFile; fileRef = AA83FE0E0CC9E9CF00E56F20 /* typemap */; };
		AA9141B80CC98CCE0055B0E5 /* AppMain.h in Headers */ = {isa = PBXBuildFile; fileRef = AA50E3A80C875DB7004DA7BD /* AppMain.h */; settings = {ATTRIBUTES = (Public, ); }; };
		AA9141B90CC98CCE0055B0E5 /* CamelBones.h in Headers */ = {isa = PBXBuildFile; fileRef = AA50E3AA0C875DB7004DA7BD /* CamelBones.h */; settings = {ATTRIBUTES = (Public, ); }; };
		AA9141BA0CC98CCE0055B0E5 /* CBPerl.h in Headers */ = {isa = PBXBuildFile; fileRef = AA50E3AB0C875DB7004DA7BD /* CBPerl.h */; settings = {ATTRIBUTES = (Public, ); }; };
		AA9141BB0CC98CCE0055B0E5 /* CBPerlArray.h in Headers */ = {isa = PBXBuildFile; fileRef = AA50E3AD0C875DB7004DA7BD /* CBPerlArray.h */; settings = {ATTRIBUTES = (Public, ); }; };
		AA9141BC0CC98CCE0055B0E5 /* CBPerlHash.h in Headers */ = {isa = PBXBuildFile; fileRef = AA50E3B00C875DB7004DA7BD /* CBPerlHash.h */; settings = {ATTRIBUTES = (Public, ); }; };
		AA9141BD0CC98CCE0055B0E5 /* CBPerlObject.h in Headers */ = {isa = PBXBuildFile; fileRef = AA50E3B30C875DB7004DA7BD /* CBPerlObject.h */; settings = {ATTRIBUTES = (Public, ); }; };
		AA9141BE0CC98CCE0055B0E5 /* CBPerlScalar.h in Headers */ = {isa = PBXBuildFile; fileRef = AA50E3B70C875DB7004DA7BD /* CBPerlScalar.h */; settings = {ATTRIBUTES = (Public, ); }; };
		AA9141C10CC98CCE0055B0E5 /* DylibInit.m in Sources */ = {isa = PBXBuildFile; fileRef = AA50E3C10C875DB7004DA7BD /* DylibInit.m */; settings = {COMPILER_FLAGS = "-Wno-objc-protocol-method-implementation"; }; };
		AA9141C20CC98CCE0055B0E5 /* AppMain.m in Sources */ = {isa = PBXBuildFile; fileRef = AA50E3A90C875DB7004DA7BD /* AppMain.m */; };
		AA9141C30CC98CCE0055B0E5 /* StubInit.m in Sources */ = {isa = PBXBuildFile; fileRef = AA50E3D60C875DB7004DA7BD /* StubInit.m */; };
		AA9141C40CC98CCE0055B0E5 /* StubClasses.m in Sources */ = {isa = PBXBuildFile; fileRef = AA50E3D40C875DB7004DA7BD /* StubClasses.m */; };
		AA9141C50CC98CCE0055B0E5 /* StubFunctions.m in Sources */ = {isa = PBXBuildFile; fileRef = AA50E3D50C875DB7004DA7BD /* StubFunctions.m */; };
		AA9141C70CC98CCE0055B0E5 /* AppKit.framework in Frameworks */ = {isa = PBXBuildFile; fileRef = AA50E4240C875F90004DA7BD /* AppKit.framework */; };
		AA9141C80CC98CCE0055B0E5 /* Foundation.framework in Frameworks */ = {isa = PBXBuildFile; fileRef = AA50E4280C875FA2004DA7BD /* Foundation.framework */; };
		AA9144820CC9A4570055B0E5 /* CBPerlArrayInternals.h in Headers */ = {isa = PBXBuildFile; fileRef = AA50E3AF0C875DB7004DA7BD /* CBPerlArrayInternals.h */; settings = {ATTRIBUTES = (Public, ); }; };
		AA9144830CC9A4570055B0E5 /* CBPerlHashInternals.h in Headers */ = {isa = PBXBuildFile; fileRef = AA50E3B20C875DB7004DA7BD /* CBPerlHashInternals.h */; settings = {ATTRIBUTES = (Public, ); }; };
		AA9144840CC9A4570055B0E5 /* CBPerlObjectInternals.h in Headers */ = {isa = PBXBuildFile; fileRef = AA50E3B50C875DB7004DA7BD /* CBPerlObjectInternals.h */; settings = {ATTRIBUTES = (Public, ); }; };
		AA9144850CC9A4570055B0E5 /* CBPerlScalarInternals.h in Headers */ = {isa = PBXBuildFile; fileRef = AA50E3B90C875DB7004DA7BD /* CBPerlScalarInternals.h */; settings = {ATTRIBUTES = (Public, ); }; };
		AA9144870CC9A4570055B0E5 /* Conversions.h in Headers */ = {isa = PBXBuildFile; fileRef = AA50E3BE0C875DB7004DA7BD /* Conversions.h */; settings = {ATTRIBUTES = (Public, ); }; };
		AA9144880CC9A4570055B0E5 /* Conversions_real.h in Headers */ = {isa = PBXBuildFile; fileRef = AA50E3BD0C875DB7004DA7BD /* Conversions_real.h */; settings = {ATTRIBUTES = (Public, ); }; };
		AA9144890CC9A4570055B0E5 /* DylibInit.h in Headers */ = {isa = PBXBuildFile; fileRef = AA50E3C00C875DB7004DA7BD /* DylibInit.h */; settings = {ATTRIBUTES = (Public, ); }; };
		AA91448A0CC9A4570055B0E5 /* Globals.h in Headers */ = {isa = PBXBuildFile; fileRef = AA50E3C30C875DB7004DA7BD /* Globals.h */; settings = {ATTRIBUTES = (Public, ); }; };
		AA91448B0CC9A4570055B0E5 /* Globals_real.h in Headers */ = {isa = PBXBuildFile; fileRef = AA50E3C20C875DB7004DA7BD /* Globals_real.h */; settings = {ATTRIBUTES = (Public, ); }; };
		AA91448C0CC9A4570055B0E5 /* NativeMethods.h in Headers */ = {isa = PBXBuildFile; fileRef = AA50E3C60C875DB7004DA7BD /* NativeMethods.h */; settings = {ATTRIBUTES = (Public, ); }; };
		AA91448D0CC9A4570055B0E5 /* NativeMethods_real.h in Headers */ = {isa = PBXBuildFile; fileRef = AA50E3C50C875DB7004DA7BD /* NativeMethods_real.h */; settings = {ATTRIBUTES = (Public, ); }; };
		AA91448E0CC9A4570055B0E5 /* PerlImports.h in Headers */ = {isa = PBXBuildFile; fileRef = AA50E3C80C875DB7004DA7BD /* PerlImports.h */; settings = {ATTRIBUTES = (Public, ); }; };
		AA91448F0CC9A4570055B0E5 /* PerlMethods.h in Headers */ = {isa = PBXBuildFile; fileRef = AA50E3CA0C875DB7004DA7BD /* PerlMethods.h */; settings = {ATTRIBUTES = (Public, ); }; };
		AA9144900CC9A4570055B0E5 /* PerlMethods_real.h in Headers */ = {isa = PBXBuildFile; fileRef = AA50E3C90C875DB7004DA7BD /* PerlMethods_real.h */; settings = {ATTRIBUTES = (Public, ); }; };
		AA9144910CC9A4570055B0E5 /* perlxsi.h in Headers */ = {isa = PBXBuildFile; fileRef = AA50E3CD0C875DB7004DA7BD /* perlxsi.h */; settings = {ATTRIBUTES = (Public, ); }; };
		AA9144920CC9A4570055B0E5 /* Runtime.h in Headers */ = {isa = PBXBuildFile; fileRef = AA50E3CF0C875DB7004DA7BD /* Runtime.h */; settings = {ATTRIBUTES = (Public, ); }; };
		AA9144930CC9A4570055B0E5 /* Runtime_real.h in Headers */ = {isa = PBXBuildFile; fileRef = AA50E3CE0C875DB7004DA7BD /* Runtime_real.h */; settings = {ATTRIBUTES = (Public, ); }; };
		AA9144940CC9A4570055B0E5 /* Structs.h in Headers */ = {isa = PBXBuildFile; fileRef = AA50E3D20C875DB7004DA7BD /* Structs.h */; settings = {ATTRIBUTES = (Public, ); }; };
		AA9144950CC9A4570055B0E5 /* Structs_real.h in Headers */ = {isa = PBXBuildFile; fileRef = AA50E3D10C875DB7004DA7BD /* Structs_real.h */; settings = {ATTRIBUTES = (Public, ); }; };
		AA9144960CC9A4570055B0E5 /* Wrappers.h in Headers */ = {isa = PBXBuildFile; fileRef = AA50E3D80C875DB7004DA7BD /* Wrappers.h */; settings = {ATTRIBUTES = (Public, ); }; };
		AA9144970CC9A4570055B0E5 /* Wrappers_real.h in Headers */ = {isa = PBXBuildFile; fileRef = AA50E3D70C875DB7004DA7BD /* Wrappers_real.h */; settings = {ATTRIBUTES = (Public, ); }; };
/* End PBXBuildFile section */

/* Begin PBXContainerItemProxy section */
		826184041BA80E0E00D8B9AB /* PBXContainerItemProxy */ = {
			isa = PBXContainerItemProxy;
			containerPortal = AA50E2050C87571F004DA7BD /* Project object */;
			proxyType = 1;
			remoteGlobalIDString = AA9141B20CC98CCE0055B0E5;
			remoteInfo = CamelBones.framework;
		};
		826184231BA80E2400D8B9AB /* PBXContainerItemProxy */ = {
			isa = PBXContainerItemProxy;
			containerPortal = AA50E2050C87571F004DA7BD /* Project object */;
			proxyType = 1;
			remoteGlobalIDString = AA9141B20CC98CCE0055B0E5;
			remoteInfo = CamelBones.framework;
		};
		826184371BA80ECD00D8B9AB /* PBXContainerItemProxy */ = {
			isa = PBXContainerItemProxy;
			containerPortal = AA50E2050C87571F004DA7BD /* Project object */;
			proxyType = 1;
			remoteGlobalIDString = AA9141B20CC98CCE0055B0E5;
			remoteInfo = CamelBones.framework;
		};
		82748FDA1CB4696200E8BC01 /* PBXContainerItemProxy */ = {
			isa = PBXContainerItemProxy;
			containerPortal = 82748FD51CB4696200E8BC01 /* libffi.xcodeproj */;
			proxyType = 2;
			remoteGlobalIDString = DB13B1661849DF1E0010F42D;
			remoteInfo = "libffi-iOS";
		};
		82748FDC1CB4696200E8BC01 /* PBXContainerItemProxy */ = {
			isa = PBXContainerItemProxy;
			containerPortal = 82748FD51CB4696200E8BC01 /* libffi.xcodeproj */;
			proxyType = 2;
			remoteGlobalIDString = DB13B1911849DF510010F42D;
			remoteInfo = "libffi-Mac";
		};
		AA35BF2E122D9ED0004C705B /* PBXContainerItemProxy */ = {
			isa = PBXContainerItemProxy;
			containerPortal = AA50E2050C87571F004DA7BD /* Project object */;
			proxyType = 1;
			remoteGlobalIDString = AA9141B20CC98CCE0055B0E5;
			remoteInfo = CamelBones.framework;
		};
		AA6D0899122C6D9200ED0CC7 /* PBXContainerItemProxy */ = {
			isa = PBXContainerItemProxy;
			containerPortal = AA50E2050C87571F004DA7BD /* Project object */;
			proxyType = 1;
			remoteGlobalIDString = FFE361381057267700F0CA90;
			remoteInfo = "Snow Leopard";
		};
/* End PBXContainerItemProxy section */

/* Begin PBXCopyFilesBuildPhase section */
		82748FDE1CB46C5B00E8BC01 /* Copy Files */ = {
			isa = PBXCopyFilesBuildPhase;
			buildActionMask = 2147483647;
			dstPath = "";
			dstSubfolderSpec = 10;
			files = (
				82748FE01CB46CCD00E8BC01 /* libffi.dylib in Copy Files */,
			);
			name = "Copy Files";
			runOnlyForDeploymentPostprocessing = 0;
		};
		AA83FE180CC9EA7100E56F20 /* CopyFiles */ = {
			isa = PBXCopyFilesBuildPhase;
			buildActionMask = 2147483647;
			dstPath = "";
			dstSubfolderSpec = 7;
			files = (
				AA83FE1C0CC9EABB00E56F20 /* typemap in CopyFiles */,
			);
			runOnlyForDeploymentPostprocessing = 0;
		};
/* End PBXCopyFilesBuildPhase section */

/* Begin PBXFileReference section */
		82048DA01C96AF3500668B4F /* CGPoint.pm */ = {isa = PBXFileReference; fileEncoding = 4; lastKnownFileType = text.script.perl; path = CGPoint.pm; sourceTree = "<group>"; };
		82048DA11C96AF3500668B4F /* CGRect.pm */ = {isa = PBXFileReference; fileEncoding = 4; lastKnownFileType = text.script.perl; path = CGRect.pm; sourceTree = "<group>"; };
		82048DA21C96AF3500668B4F /* CGSize.pm */ = {isa = PBXFileReference; fileEncoding = 4; lastKnownFileType = text.script.perl; path = CGSize.pm; sourceTree = "<group>"; };
		826183FB1BA8095B00D8B9AB /* PluginInfo-5.22.0.plist */ = {isa = PBXFileReference; fileEncoding = 4; lastKnownFileType = text.plist.xml; path = "PluginInfo-5.22.0.plist"; sourceTree = "<group>"; };
		826183FD1BA8099E00D8B9AB /* libperl.dylib */ = {isa = PBXFileReference; lastKnownFileType = "compiled.mach-o.dylib"; name = libperl.dylib; path = "../../../../../opt/local/lib/perl5/5.22/darwin-thread-multi-2level/CORE/libperl.dylib"; sourceTree = "<group>"; };
		8261841D1BA80E0E00D8B9AB /* darwin-thread-multi-2level-5.22.1.bundle */ = {isa = PBXFileReference; explicitFileType = wrapper.cfbundle; includeInIndex = 0; path = "darwin-thread-multi-2level-5.22.1.bundle"; sourceTree = BUILT_PRODUCTS_DIR; };
		8261841E1BA80E0F00D8B9AB /* darwin-thread-multi-2level-5.10.0 copy-Info.plist */ = {isa = PBXFileReference; lastKnownFileType = text.plist.xml; name = "darwin-thread-multi-2level-5.10.0 copy-Info.plist"; path = "/Volumes/Free3/camelbones/camelbones-code/CamelBones/darwin-thread-multi-2level-5.10.0 copy-Info.plist"; sourceTree = "<absolute>"; };
		826184411BA8179700D8B9AB /* EXTERN.h */ = {isa = PBXFileReference; lastKnownFileType = sourcecode.c.h; name = EXTERN.h; path = "../../../../../opt/local/lib/perl5/5.22/darwin-thread-multi-2level/CORE/EXTERN.h"; sourceTree = "<group>"; };
		826184431BA817B800D8B9AB /* perl.h */ = {isa = PBXFileReference; lastKnownFileType = sourcecode.c.h; name = perl.h; path = "../../../../../opt/local/lib/perl5/5.22/darwin-thread-multi-2level/CORE/perl.h"; sourceTree = "<group>"; };
		826184451BA817CA00D8B9AB /* XSUB.h */ = {isa = PBXFileReference; lastKnownFileType = sourcecode.c.h; name = XSUB.h; path = "../../../../../opt/local/lib/perl5/5.22/darwin-thread-multi-2level/CORE/XSUB.h"; sourceTree = "<group>"; };
		82748FD21CB462EA00E8BC01 /* libffi.dylib */ = {isa = PBXFileReference; lastKnownFileType = "compiled.mach-o.dylib"; name = libffi.dylib; path = "libffi-3.2.1/libffi_dylib/Debug/libffi.dylib"; sourceTree = "<group>"; };
		82748FD51CB4696200E8BC01 /* libffi.xcodeproj */ = {isa = PBXFileReference; lastKnownFileType = "wrapper.pb-project"; name = libffi.xcodeproj; path = "libffi-3.2.1/libffi.xcodeproj"; sourceTree = "<group>"; };
		84AC1B9F0D73805000C751F7 /* Tests.pm */ = {isa = PBXFileReference; fileEncoding = 4; lastKnownFileType = text.script.perl; path = Tests.pm; sourceTree = "<group>"; };
		84AC1BA90D73807100C751F7 /* 00-CamelBones.t */ = {isa = PBXFileReference; fileEncoding = 4; lastKnownFileType = text; path = "00-CamelBones.t"; sourceTree = "<group>"; };
		84AC1BAA0D73807100C751F7 /* 01-Functions.t */ = {isa = PBXFileReference; fileEncoding = 4; lastKnownFileType = text; path = "01-Functions.t"; sourceTree = "<group>"; };
		84AC1BAB0D73807100C751F7 /* 02-Conversions.t */ = {isa = PBXFileReference; fileEncoding = 4; lastKnownFileType = text; path = "02-Conversions.t"; sourceTree = "<group>"; };
		84AC1BAC0D73807100C751F7 /* 03-Memory.t */ = {isa = PBXFileReference; fileEncoding = 4; lastKnownFileType = text; path = "03-Memory.t"; sourceTree = "<group>"; };
		84AC1BAD0D73807100C751F7 /* 05-Structures.t */ = {isa = PBXFileReference; fileEncoding = 4; lastKnownFileType = text; path = "05-Structures.t"; sourceTree = "<group>"; };
		84AC1BAE0D73807100C751F7 /* 10-NSString.t */ = {isa = PBXFileReference; fileEncoding = 4; lastKnownFileType = text; path = "10-NSString.t"; sourceTree = "<group>"; };
		84AC1BAF0D73807100C751F7 /* 11-NSArray.t */ = {isa = PBXFileReference; fileEncoding = 4; lastKnownFileType = text; path = "11-NSArray.t"; sourceTree = "<group>"; };
		84AC1BB00D73807100C751F7 /* 12-NSNumber.t */ = {isa = PBXFileReference; fileEncoding = 4; lastKnownFileType = text; path = "12-NSNumber.t"; sourceTree = "<group>"; };
		84AC1BB10D73807100C751F7 /* 13-Exceptions.t */ = {isa = PBXFileReference; fileEncoding = 4; lastKnownFileType = text; path = "13-Exceptions.t"; sourceTree = "<group>"; };
		84AC1BB20D73807100C751F7 /* 14-Threads.t */ = {isa = PBXFileReference; fileEncoding = 4; lastKnownFileType = text; path = "14-Threads.t"; sourceTree = "<group>"; };
		84AC1BB30D73807100C751F7 /* 15-Subclassing.t */ = {isa = PBXFileReference; fileEncoding = 4; lastKnownFileType = text; path = "15-Subclassing.t"; sourceTree = "<group>"; };
		84AC1BB40D73807100C751F7 /* 20-PerlObject.t */ = {isa = PBXFileReference; fileEncoding = 4; lastKnownFileType = text; path = "20-PerlObject.t"; sourceTree = "<group>"; };
		84AC1BB50D73807100C751F7 /* 30-BundleLoader.t */ = {isa = PBXFileReference; fileEncoding = 4; lastKnownFileType = text; path = "30-BundleLoader.t"; sourceTree = "<group>"; };
		84AC1BB70D73808C00C751F7 /* CBExceptionTests.m */ = {isa = PBXFileReference; fileEncoding = 4; lastKnownFileType = sourcecode.c.objc; path = CBExceptionTests.m; sourceTree = "<group>"; };
		84AC1BB80D73808C00C751F7 /* CBSuper.m */ = {isa = PBXFileReference; fileEncoding = 4; lastKnownFileType = sourcecode.c.objc; path = CBSuper.m; sourceTree = "<group>"; };
		84AC1BB90D73808C00C751F7 /* CBThreadTests.m */ = {isa = PBXFileReference; fileEncoding = 4; lastKnownFileType = sourcecode.c.objc; path = CBThreadTests.m; sourceTree = "<group>"; };
		84AC1BBA0D73808C00C751F7 /* Makefile.PL */ = {isa = PBXFileReference; fileEncoding = 4; lastKnownFileType = text.script.perl; path = Makefile.PL; sourceTree = "<group>"; };
		84AC1BBB0D73808C00C751F7 /* Tests.xs */ = {isa = PBXFileReference; fileEncoding = 4; lastKnownFileType = text; path = Tests.xs; sourceTree = "<group>"; };
		84B5406F0DA17D3800C351C3 /* CBDummyModule.pm */ = {isa = PBXFileReference; fileEncoding = 4; lastKnownFileType = text.script.perl; path = CBDummyModule.pm; sourceTree = "<group>"; };
		AA0923C91267C44F009C8D40 /* 11-NSDictionary.t */ = {isa = PBXFileReference; fileEncoding = 4; lastKnownFileType = text; path = "11-NSDictionary.t"; sourceTree = "<group>"; };
		AA3D7B451298DB1800C38BA9 /* PluginInfo-5.10.0.plist */ = {isa = PBXFileReference; lastKnownFileType = text.plist.xml; path = "PluginInfo-5.10.0.plist"; sourceTree = "<group>"; };
		AA50E3A80C875DB7004DA7BD /* AppMain.h */ = {isa = PBXFileReference; fileEncoding = 30; lastKnownFileType = sourcecode.c.h; path = AppMain.h; sourceTree = "<group>"; };
		AA50E3A90C875DB7004DA7BD /* AppMain.m */ = {isa = PBXFileReference; fileEncoding = 30; lastKnownFileType = sourcecode.c.objc; path = AppMain.m; sourceTree = "<group>"; };
		AA50E3AA0C875DB7004DA7BD /* CamelBones.h */ = {isa = PBXFileReference; fileEncoding = 30; lastKnownFileType = sourcecode.c.h; path = CamelBones.h; sourceTree = "<group>"; };
		AA50E3AB0C875DB7004DA7BD /* CBPerl.h */ = {isa = PBXFileReference; fileEncoding = 30; lastKnownFileType = sourcecode.c.h; path = CBPerl.h; sourceTree = "<group>"; };
		AA50E3AC0C875DB7004DA7BD /* CBPerl.m */ = {isa = PBXFileReference; fileEncoding = 30; lastKnownFileType = sourcecode.c.objc; path = CBPerl.m; sourceTree = "<group>"; };
		AA50E3AD0C875DB7004DA7BD /* CBPerlArray.h */ = {isa = PBXFileReference; fileEncoding = 30; lastKnownFileType = sourcecode.c.h; path = CBPerlArray.h; sourceTree = "<group>"; };
		AA50E3AE0C875DB7004DA7BD /* CBPerlArray.m */ = {isa = PBXFileReference; fileEncoding = 30; lastKnownFileType = sourcecode.c.objc; path = CBPerlArray.m; sourceTree = "<group>"; };
		AA50E3AF0C875DB7004DA7BD /* CBPerlArrayInternals.h */ = {isa = PBXFileReference; fileEncoding = 30; lastKnownFileType = sourcecode.c.h; path = CBPerlArrayInternals.h; sourceTree = "<group>"; };
		AA50E3B00C875DB7004DA7BD /* CBPerlHash.h */ = {isa = PBXFileReference; fileEncoding = 30; lastKnownFileType = sourcecode.c.h; path = CBPerlHash.h; sourceTree = "<group>"; };
		AA50E3B10C875DB7004DA7BD /* CBPerlHash.m */ = {isa = PBXFileReference; fileEncoding = 30; lastKnownFileType = sourcecode.c.objc; path = CBPerlHash.m; sourceTree = "<group>"; };
		AA50E3B20C875DB7004DA7BD /* CBPerlHashInternals.h */ = {isa = PBXFileReference; fileEncoding = 30; lastKnownFileType = sourcecode.c.h; path = CBPerlHashInternals.h; sourceTree = "<group>"; };
		AA50E3B30C875DB7004DA7BD /* CBPerlObject.h */ = {isa = PBXFileReference; fileEncoding = 30; lastKnownFileType = sourcecode.c.h; path = CBPerlObject.h; sourceTree = "<group>"; };
		AA50E3B40C875DB7004DA7BD /* CBPerlObject.m */ = {isa = PBXFileReference; fileEncoding = 30; lastKnownFileType = sourcecode.c.objc; path = CBPerlObject.m; sourceTree = "<group>"; };
		AA50E3B50C875DB7004DA7BD /* CBPerlObjectInternals.h */ = {isa = PBXFileReference; fileEncoding = 30; lastKnownFileType = sourcecode.c.h; path = CBPerlObjectInternals.h; sourceTree = "<group>"; };
		AA50E3B60C875DB7004DA7BD /* CBPerlObjectInternals.m */ = {isa = PBXFileReference; fileEncoding = 30; lastKnownFileType = sourcecode.c.objc; path = CBPerlObjectInternals.m; sourceTree = "<group>"; };
		AA50E3B70C875DB7004DA7BD /* CBPerlScalar.h */ = {isa = PBXFileReference; fileEncoding = 30; lastKnownFileType = sourcecode.c.h; path = CBPerlScalar.h; sourceTree = "<group>"; };
		AA50E3B80C875DB7004DA7BD /* CBPerlScalar.m */ = {isa = PBXFileReference; fileEncoding = 30; lastKnownFileType = sourcecode.c.objc; path = CBPerlScalar.m; sourceTree = "<group>"; };
		AA50E3B90C875DB7004DA7BD /* CBPerlScalarInternals.h */ = {isa = PBXFileReference; fileEncoding = 30; lastKnownFileType = sourcecode.c.h; path = CBPerlScalarInternals.h; sourceTree = "<group>"; };
		AA50E3BA0C875DB7004DA7BD /* CBPerlScalarInternals.m */ = {isa = PBXFileReference; fileEncoding = 30; lastKnownFileType = sourcecode.c.objc; path = CBPerlScalarInternals.m; sourceTree = "<group>"; };
		AA50E3BD0C875DB7004DA7BD /* Conversions_real.h */ = {isa = PBXFileReference; fileEncoding = 30; lastKnownFileType = sourcecode.c.h; path = Conversions_real.h; sourceTree = "<group>"; };
		AA50E3BE0C875DB7004DA7BD /* Conversions.h */ = {isa = PBXFileReference; fileEncoding = 30; lastKnownFileType = sourcecode.c.h; path = Conversions.h; sourceTree = "<group>"; };
		AA50E3BF0C875DB7004DA7BD /* Conversions.m */ = {isa = PBXFileReference; fileEncoding = 30; lastKnownFileType = sourcecode.c.objc; path = Conversions.m; sourceTree = "<group>"; };
		AA50E3C00C875DB7004DA7BD /* DylibInit.h */ = {isa = PBXFileReference; fileEncoding = 30; lastKnownFileType = sourcecode.c.h; path = DylibInit.h; sourceTree = "<group>"; };
		AA50E3C10C875DB7004DA7BD /* DylibInit.m */ = {isa = PBXFileReference; fileEncoding = 30; lastKnownFileType = sourcecode.c.objc; path = DylibInit.m; sourceTree = "<group>"; };
		AA50E3C20C875DB7004DA7BD /* Globals_real.h */ = {isa = PBXFileReference; fileEncoding = 30; lastKnownFileType = sourcecode.c.h; path = Globals_real.h; sourceTree = "<group>"; };
		AA50E3C30C875DB7004DA7BD /* Globals.h */ = {isa = PBXFileReference; fileEncoding = 30; lastKnownFileType = sourcecode.c.h; path = Globals.h; sourceTree = "<group>"; };
		AA50E3C40C875DB7004DA7BD /* Globals.m */ = {isa = PBXFileReference; fileEncoding = 30; lastKnownFileType = sourcecode.c.objc; path = Globals.m; sourceTree = "<group>"; };
		AA50E3C50C875DB7004DA7BD /* NativeMethods_real.h */ = {isa = PBXFileReference; fileEncoding = 30; lastKnownFileType = sourcecode.c.h; path = NativeMethods_real.h; sourceTree = "<group>"; };
		AA50E3C60C875DB7004DA7BD /* NativeMethods.h */ = {isa = PBXFileReference; fileEncoding = 30; lastKnownFileType = sourcecode.c.h; path = NativeMethods.h; sourceTree = "<group>"; };
		AA50E3C70C875DB7004DA7BD /* NativeMethods.m */ = {isa = PBXFileReference; fileEncoding = 30; lastKnownFileType = sourcecode.c.objc; path = NativeMethods.m; sourceTree = "<group>"; };
		AA50E3C80C875DB7004DA7BD /* PerlImports.h */ = {isa = PBXFileReference; fileEncoding = 30; lastKnownFileType = sourcecode.c.h; path = PerlImports.h; sourceTree = "<group>"; };
		AA50E3C90C875DB7004DA7BD /* PerlMethods_real.h */ = {isa = PBXFileReference; fileEncoding = 30; lastKnownFileType = sourcecode.c.h; path = PerlMethods_real.h; sourceTree = "<group>"; };
		AA50E3CA0C875DB7004DA7BD /* PerlMethods.h */ = {isa = PBXFileReference; fileEncoding = 30; lastKnownFileType = sourcecode.c.h; path = PerlMethods.h; sourceTree = "<group>"; };
		AA50E3CB0C875DB7004DA7BD /* PerlMethods.m */ = {isa = PBXFileReference; fileEncoding = 30; lastKnownFileType = sourcecode.c.objc; path = PerlMethods.m; sourceTree = "<group>"; };
		AA50E3CC0C875DB7004DA7BD /* perlxsi.c */ = {isa = PBXFileReference; fileEncoding = 30; lastKnownFileType = sourcecode.c.c; path = perlxsi.c; sourceTree = "<group>"; };
		AA50E3CD0C875DB7004DA7BD /* perlxsi.h */ = {isa = PBXFileReference; fileEncoding = 30; lastKnownFileType = sourcecode.c.h; path = perlxsi.h; sourceTree = "<group>"; };
		AA50E3CE0C875DB7004DA7BD /* Runtime_real.h */ = {isa = PBXFileReference; fileEncoding = 30; lastKnownFileType = sourcecode.c.h; path = Runtime_real.h; sourceTree = "<group>"; };
		AA50E3CF0C875DB7004DA7BD /* Runtime.h */ = {isa = PBXFileReference; fileEncoding = 30; lastKnownFileType = sourcecode.c.h; path = Runtime.h; sourceTree = "<group>"; };
		AA50E3D00C875DB7004DA7BD /* Runtime.m */ = {isa = PBXFileReference; fileEncoding = 30; lastKnownFileType = sourcecode.c.objc; path = Runtime.m; sourceTree = "<group>"; };
		AA50E3D10C875DB7004DA7BD /* Structs_real.h */ = {isa = PBXFileReference; fileEncoding = 30; lastKnownFileType = sourcecode.c.h; path = Structs_real.h; sourceTree = "<group>"; };
		AA50E3D20C875DB7004DA7BD /* Structs.h */ = {isa = PBXFileReference; fileEncoding = 30; lastKnownFileType = sourcecode.c.h; path = Structs.h; sourceTree = "<group>"; };
		AA50E3D30C875DB7004DA7BD /* Structs.m */ = {isa = PBXFileReference; fileEncoding = 30; lastKnownFileType = sourcecode.c.objc; path = Structs.m; sourceTree = "<group>"; };
		AA50E3D40C875DB7004DA7BD /* StubClasses.m */ = {isa = PBXFileReference; fileEncoding = 30; lastKnownFileType = sourcecode.c.objc; path = StubClasses.m; sourceTree = "<group>"; };
		AA50E3D50C875DB7004DA7BD /* StubFunctions.m */ = {isa = PBXFileReference; fileEncoding = 30; lastKnownFileType = sourcecode.c.objc; path = StubFunctions.m; sourceTree = "<group>"; };
		AA50E3D60C875DB7004DA7BD /* StubInit.m */ = {isa = PBXFileReference; fileEncoding = 30; lastKnownFileType = sourcecode.c.objc; path = StubInit.m; sourceTree = "<group>"; };
		AA50E3D70C875DB7004DA7BD /* Wrappers_real.h */ = {isa = PBXFileReference; fileEncoding = 30; lastKnownFileType = sourcecode.c.h; path = Wrappers_real.h; sourceTree = "<group>"; };
		AA50E3D80C875DB7004DA7BD /* Wrappers.h */ = {isa = PBXFileReference; fileEncoding = 30; lastKnownFileType = sourcecode.c.h; path = Wrappers.h; sourceTree = "<group>"; };
		AA50E3D90C875DB8004DA7BD /* Wrappers.m */ = {isa = PBXFileReference; fileEncoding = 30; lastKnownFileType = sourcecode.c.objc; path = Wrappers.m; sourceTree = "<group>"; };
		AA50E4240C875F90004DA7BD /* AppKit.framework */ = {isa = PBXFileReference; lastKnownFileType = wrapper.framework; name = AppKit.framework; path = /System/Library/Frameworks/AppKit.framework; sourceTree = "<absolute>"; };
		AA50E4280C875FA2004DA7BD /* Foundation.framework */ = {isa = PBXFileReference; lastKnownFileType = wrapper.framework; name = Foundation.framework; path = /System/Library/Frameworks/Foundation.framework; sourceTree = "<absolute>"; };
		AA50E9640C879392004DA7BD /* Info.plist */ = {isa = PBXFileReference; fileEncoding = 30; lastKnownFileType = text.plist.xml; path = Info.plist; sourceTree = "<group>"; };
		AA83FE0E0CC9E9CF00E56F20 /* typemap */ = {isa = PBXFileReference; fileEncoding = 30; lastKnownFileType = text; path = typemap; sourceTree = "<group>"; };
		AA9142060CC98CCE0055B0E5 /* CamelBones.framework */ = {isa = PBXFileReference; explicitFileType = wrapper.framework; includeInIndex = 0; path = CamelBones.framework; sourceTree = BUILT_PRODUCTS_DIR; };
		AA9143200CC99B2A0055B0E5 /* AppKit.xs */ = {isa = PBXFileReference; fileEncoding = 30; lastKnownFileType = text; path = AppKit.xs; sourceTree = "<group>"; };
		AA9143230CC99B2A0055B0E5 /* Makefile.PL */ = {isa = PBXFileReference; fileEncoding = 30; lastKnownFileType = text.script.perl; path = Makefile.PL; sourceTree = "<group>"; };
		AA9143570CC99B2A0055B0E5 /* CamelBones.xs */ = {isa = PBXFileReference; fileEncoding = 30; lastKnownFileType = text; name = CamelBones.xs; path = CPAN/CamelBones.xs; sourceTree = "<group>"; };
		AA9143580CC99B2A0055B0E5 /* cb_common.pl */ = {isa = PBXFileReference; fileEncoding = 30; lastKnownFileType = text.script.perl; name = cb_common.pl; path = CPAN/cb_common.pl; sourceTree = "<group>"; };
		AA91435D0CC99B2A0055B0E5 /* Foundation.xs */ = {isa = PBXFileReference; fileEncoding = 30; lastKnownFileType = text; path = Foundation.xs; sourceTree = "<group>"; };
		AA9143600CC99B2A0055B0E5 /* Makefile.PL */ = {isa = PBXFileReference; fileEncoding = 30; lastKnownFileType = text.script.perl; path = Makefile.PL; sourceTree = "<group>"; };
		AA9143650CC99B2A0055B0E5 /* Constants.pm */ = {isa = PBXFileReference; fileEncoding = 30; lastKnownFileType = text.script.perl; path = Constants.pm; sourceTree = "<group>"; };
		AA9143660CC99B2A0055B0E5 /* AppKit.pm */ = {isa = PBXFileReference; fileEncoding = 30; lastKnownFileType = text.script.perl; path = AppKit.pm; sourceTree = "<group>"; };
		AA9143680CC99B2A0055B0E5 /* Constants.pm */ = {isa = PBXFileReference; fileEncoding = 30; lastKnownFileType = text.script.perl; path = Constants.pm; sourceTree = "<group>"; };
		AA9143690CC99B2A0055B0E5 /* Foundation.pm */ = {isa = PBXFileReference; fileEncoding = 30; lastKnownFileType = text.script.perl; path = Foundation.pm; sourceTree = "<group>"; };
		AA91436A0CC99B2A0055B0E5 /* NSPoint.pm */ = {isa = PBXFileReference; fileEncoding = 30; lastKnownFileType = text.script.perl; path = NSPoint.pm; sourceTree = "<group>"; };
		AA91436B0CC99B2A0055B0E5 /* NSRange.pm */ = {isa = PBXFileReference; fileEncoding = 30; lastKnownFileType = text.script.perl; path = NSRange.pm; sourceTree = "<group>"; };
		AA91436C0CC99B2A0055B0E5 /* NSRect.pm */ = {isa = PBXFileReference; fileEncoding = 30; lastKnownFileType = text.script.perl; path = NSRect.pm; sourceTree = "<group>"; };
		AA91436D0CC99B2A0055B0E5 /* NSSize.pm */ = {isa = PBXFileReference; fileEncoding = 30; lastKnownFileType = text.script.perl; path = NSSize.pm; sourceTree = "<group>"; };
		AA91436F0CC99B2A0055B0E5 /* TiedArray.pm */ = {isa = PBXFileReference; fileEncoding = 30; lastKnownFileType = text.script.perl; path = TiedArray.pm; sourceTree = "<group>"; };
		AA9143700CC99B2A0055B0E5 /* TiedDictionary.pm */ = {isa = PBXFileReference; fileEncoding = 30; lastKnownFileType = text.script.perl; path = TiedDictionary.pm; sourceTree = "<group>"; };
		AA9143710CC99B2A0055B0E5 /* CamelBones.pm */ = {isa = PBXFileReference; fileEncoding = 30; lastKnownFileType = text.script.perl; path = CamelBones.pm; sourceTree = "<group>"; };
		AA9143740CC99B2A0055B0E5 /* Makefile.PL */ = {isa = PBXFileReference; fileEncoding = 30; lastKnownFileType = text.script.perl; name = Makefile.PL; path = CPAN/Makefile.PL; sourceTree = "<group>"; };
		AA9143750CC99B2A0055B0E5 /* MANIFEST */ = {isa = PBXFileReference; fileEncoding = 30; lastKnownFileType = text; name = MANIFEST; path = CPAN/MANIFEST; sourceTree = "<group>"; };
		AA9143760CC99B2A0055B0E5 /* MANIFEST.SKIP */ = {isa = PBXFileReference; fileEncoding = 30; lastKnownFileType = text; name = MANIFEST.SKIP; path = CPAN/MANIFEST.SKIP; sourceTree = "<group>"; };
		AA9143770CC99B2A0055B0E5 /* META.yml */ = {isa = PBXFileReference; fileEncoding = 30; lastKnownFileType = text; name = META.yml; path = CPAN/META.yml; sourceTree = "<group>"; };
		AA9143790CC99B2A0055B0E5 /* ppport.h */ = {isa = PBXFileReference; fileEncoding = 30; lastKnownFileType = sourcecode.c.h; name = ppport.h; path = CPAN/ppport.h; sourceTree = "<group>"; };
		AA91437A0CC99B2A0055B0E5 /* README */ = {isa = PBXFileReference; fileEncoding = 30; lastKnownFileType = text; name = README; path = CPAN/README; sourceTree = "<group>"; };
		AA9492AC122E927B00FEFD01 /* 04-Pointers.t */ = {isa = PBXFileReference; fileEncoding = 4; lastKnownFileType = text; path = "04-Pointers.t"; sourceTree = "<group>"; };
		AA9492AD122E92F600FEFD01 /* CBStructureTests.m */ = {isa = PBXFileReference; fileEncoding = 4; lastKnownFileType = sourcecode.c.objc; path = CBStructureTests.m; sourceTree = "<group>"; };
		AA9492BA122E977800FEFD01 /* CBSuper.h */ = {isa = PBXFileReference; fileEncoding = 4; lastKnownFileType = sourcecode.c.h; path = CBSuper.h; sourceTree = "<group>"; };
		AA9492BD122E980E00FEFD01 /* CBStructureTests.h */ = {isa = PBXFileReference; fileEncoding = 4; lastKnownFileType = sourcecode.c.h; path = CBStructureTests.h; sourceTree = "<group>"; };
		AACE466A122FE17B009907B5 /* 21-Properties.t */ = {isa = PBXFileReference; fileEncoding = 4; lastKnownFileType = text; path = "21-Properties.t"; sourceTree = "<group>"; };
		AACE4675122FE66D009907B5 /* CBPropertyTests.h */ = {isa = PBXFileReference; fileEncoding = 4; lastKnownFileType = sourcecode.c.h; path = CBPropertyTests.h; sourceTree = "<group>"; };
		AACE4676122FE66D009907B5 /* CBPropertyTests.m */ = {isa = PBXFileReference; fileEncoding = 4; lastKnownFileType = sourcecode.c.objc; path = CBPropertyTests.m; sourceTree = "<group>"; };
		AADB3E13123A6E6C001D0951 /* build-catkit.pl */ = {isa = PBXFileReference; fileEncoding = 4; lastKnownFileType = text.script.perl; path = "build-catkit.pl"; sourceTree = "<group>"; };
		AADB3E14123A6E6C001D0951 /* build-dbikit.pl */ = {isa = PBXFileReference; fileEncoding = 4; lastKnownFileType = text.script.perl; path = "build-dbikit.pl"; sourceTree = "<group>"; };
		AADB3E15123A6E6C001D0951 /* build-devkit.pl */ = {isa = PBXFileReference; fileEncoding = 4; lastKnownFileType = text.script.perl; path = "build-devkit.pl"; sourceTree = "<group>"; };
		AADB3E16123A6E6C001D0951 /* build-glkit.pl */ = {isa = PBXFileReference; fileEncoding = 4; lastKnownFileType = text.script.perl; path = "build-glkit.pl"; sourceTree = "<group>"; };
		AADB3E17123A6E6C001D0951 /* build-mpkit.pl */ = {isa = PBXFileReference; fileEncoding = 4; lastKnownFileType = text.script.perl; path = "build-mpkit.pl"; sourceTree = "<group>"; };
		AADB3E18123A6E6C001D0951 /* build-par.pl */ = {isa = PBXFileReference; fileEncoding = 4; lastKnownFileType = text.script.perl; path = "build-par.pl"; sourceTree = "<group>"; };
		AADB3E19123A6E6C001D0951 /* build-xmlkit.pl */ = {isa = PBXFileReference; fileEncoding = 4; lastKnownFileType = text.script.perl; path = "build-xmlkit.pl"; sourceTree = "<group>"; };
		AADB3E1A123A6E90001D0951 /* MyConfig.pm */ = {isa = PBXFileReference; fileEncoding = 4; lastKnownFileType = text.script.perl; name = MyConfig.pm; path = PAR/CPAN/MyConfig.pm; sourceTree = "<group>"; };
/* End PBXFileReference section */

/* Begin PBXFrameworksBuildPhase section */
		826184161BA80E0E00D8B9AB /* Frameworks */ = {
			isa = PBXFrameworksBuildPhase;
			buildActionMask = 2147483647;
			files = (
				826184171BA80E0E00D8B9AB /* CamelBones.framework in Frameworks */,
				8261844B1BA8577700D8B9AB /* libperl.dylib in Frameworks */,
				82748FDF1CB46C9300E8BC01 /* libffi.dylib in Frameworks */,
			);
			runOnlyForDeploymentPostprocessing = 0;
		};
		AA9141C60CC98CCE0055B0E5 /* Frameworks */ = {
			isa = PBXFrameworksBuildPhase;
			buildActionMask = 2147483647;
			files = (
				AA9141C70CC98CCE0055B0E5 /* AppKit.framework in Frameworks */,
				AA9141C80CC98CCE0055B0E5 /* Foundation.framework in Frameworks */,
				826183FE1BA8099E00D8B9AB /* libperl.dylib in Frameworks */,
			);
			runOnlyForDeploymentPostprocessing = 0;
		};
/* End PBXFrameworksBuildPhase section */

/* Begin PBXGroup section */
		826183FA1BA8084900D8B9AB /* darwin-thread-mult-2level-5.22.0 */ = {
			isa = PBXGroup;
			children = (
				826183FD1BA8099E00D8B9AB /* libperl.dylib */,
			);
			name = "darwin-thread-mult-2level-5.22.0";
			sourceTree = "<group>";
		};
		82748FD61CB4696200E8BC01 /* Products */ = {
			isa = PBXGroup;
			children = (
				82748FDB1CB4696200E8BC01 /* libffi.a */,
				82748FDD1CB4696200E8BC01 /* libffi.dylib */,
			);
			name = Products;
			sourceTree = "<group>";
		};
		84AC1BA80D73807100C751F7 /* t */ = {
			isa = PBXGroup;
			children = (
				84AC1BA90D73807100C751F7 /* 00-CamelBones.t */,
				84AC1BAA0D73807100C751F7 /* 01-Functions.t */,
				84AC1BAB0D73807100C751F7 /* 02-Conversions.t */,
				84AC1BAC0D73807100C751F7 /* 03-Memory.t */,
				AA9492AC122E927B00FEFD01 /* 04-Pointers.t */,
				84AC1BAD0D73807100C751F7 /* 05-Structures.t */,
				84AC1BAE0D73807100C751F7 /* 10-NSString.t */,
				84AC1BAF0D73807100C751F7 /* 11-NSArray.t */,
				AA0923C91267C44F009C8D40 /* 11-NSDictionary.t */,
				84AC1BB00D73807100C751F7 /* 12-NSNumber.t */,
				84AC1BB10D73807100C751F7 /* 13-Exceptions.t */,
				84AC1BB20D73807100C751F7 /* 14-Threads.t */,
				84AC1BB30D73807100C751F7 /* 15-Subclassing.t */,
				84AC1BB40D73807100C751F7 /* 20-PerlObject.t */,
				AACE466A122FE17B009907B5 /* 21-Properties.t */,
				84AC1BB50D73807100C751F7 /* 30-BundleLoader.t */,
			);
			name = t;
			path = CPAN/t;
			sourceTree = "<group>";
		};
		84AC1BB60D73808C00C751F7 /* Tests */ = {
			isa = PBXGroup;
			children = (
				84AC1BB70D73808C00C751F7 /* CBExceptionTests.m */,
				AA9492BA122E977800FEFD01 /* CBSuper.h */,
				84AC1BB80D73808C00C751F7 /* CBSuper.m */,
				84AC1BB90D73808C00C751F7 /* CBThreadTests.m */,
				AA9492BD122E980E00FEFD01 /* CBStructureTests.h */,
				AA9492AD122E92F600FEFD01 /* CBStructureTests.m */,
				AACE4675122FE66D009907B5 /* CBPropertyTests.h */,
				AACE4676122FE66D009907B5 /* CBPropertyTests.m */,
				84AC1BBA0D73808C00C751F7 /* Makefile.PL */,
				84AC1BBB0D73808C00C751F7 /* Tests.xs */,
			);
			name = Tests;
			path = CPAN/Tests;
			sourceTree = "<group>";
		};
		AA50E2030C87571F004DA7BD = {
			isa = PBXGroup;
			children = (
				82748FD51CB4696200E8BC01 /* libffi.xcodeproj */,
				826184451BA817CA00D8B9AB /* XSUB.h */,
				826184431BA817B800D8B9AB /* perl.h */,
				826184411BA8179700D8B9AB /* EXTERN.h */,
				AA3D7B451298DB1800C38BA9 /* PluginInfo-5.10.0.plist */,
				826183FB1BA8095B00D8B9AB /* PluginInfo-5.22.0.plist */,
				AA50E9640C879392004DA7BD /* Info.plist */,
				AA50E5CF0C877E37004DA7BD /* Resources */,
				AA50E3A70C875D23004DA7BD /* CamelBones */,
				AA50E4130C875E1D004DA7BD /* Libraries */,
				AA50E2330C87587B004DA7BD /* Products */,
				8261841E1BA80E0F00D8B9AB /* darwin-thread-multi-2level-5.10.0 copy-Info.plist */,
			);
			sourceTree = "<group>";
		};
		AA50E2330C87587B004DA7BD /* Products */ = {
			isa = PBXGroup;
			children = (
				AA9142060CC98CCE0055B0E5 /* CamelBones.framework */,
				8261841D1BA80E0E00D8B9AB /* darwin-thread-multi-2level-5.22.1.bundle */,
			);
			name = Products;
			sourceTree = "<group>";
		};
		AA50E3A70C875D23004DA7BD /* CamelBones */ = {
			isa = PBXGroup;
			children = (
				AADB3E12123A6E4A001D0951 /* PAR Kits */,
				AA91431A0CC99B010055B0E5 /* Perl Module */,
				AA50E4620C876684004DA7BD /* Private-Include */,
				AA50E45B0C87664F004DA7BD /* Include */,
				AA50E40D0C875DD2004DA7BD /* Framework */,
				AA50E40C0C875DC7004DA7BD /* Plugin */,
			);
			name = CamelBones;
			sourceTree = "<group>";
		};
		AA50E40C0C875DC7004DA7BD /* Plugin */ = {
			isa = PBXGroup;
			children = (
				AA50E3AC0C875DB7004DA7BD /* CBPerl.m */,
				AA50E3AE0C875DB7004DA7BD /* CBPerlArray.m */,
				AA50E3B10C875DB7004DA7BD /* CBPerlHash.m */,
				AA50E3B40C875DB7004DA7BD /* CBPerlObject.m */,
				AA50E3B60C875DB7004DA7BD /* CBPerlObjectInternals.m */,
				AA50E3B80C875DB7004DA7BD /* CBPerlScalar.m */,
				AA50E3BA0C875DB7004DA7BD /* CBPerlScalarInternals.m */,
				AA50E3BF0C875DB7004DA7BD /* Conversions.m */,
				AA50E3C40C875DB7004DA7BD /* Globals.m */,
				AA50E3C70C875DB7004DA7BD /* NativeMethods.m */,
				AA50E3CB0C875DB7004DA7BD /* PerlMethods.m */,
				AA50E3CC0C875DB7004DA7BD /* perlxsi.c */,
				AA50E3D00C875DB7004DA7BD /* Runtime.m */,
				AA50E3D30C875DB7004DA7BD /* Structs.m */,
				AA50E3D90C875DB8004DA7BD /* Wrappers.m */,
			);
			name = Plugin;
			sourceTree = "<group>";
		};
		AA50E40D0C875DD2004DA7BD /* Framework */ = {
			isa = PBXGroup;
			children = (
				AA50E3C10C875DB7004DA7BD /* DylibInit.m */,
				AA50E3A90C875DB7004DA7BD /* AppMain.m */,
				AA50E3D60C875DB7004DA7BD /* StubInit.m */,
				AA50E3D40C875DB7004DA7BD /* StubClasses.m */,
				AA50E3D50C875DB7004DA7BD /* StubFunctions.m */,
			);
			name = Framework;
			sourceTree = "<group>";
		};
		AA50E4130C875E1D004DA7BD /* Libraries */ = {
			isa = PBXGroup;
			children = (
				82748FD21CB462EA00E8BC01 /* libffi.dylib */,
				826183FA1BA8084900D8B9AB /* darwin-thread-mult-2level-5.22.0 */,
				AA50E4280C875FA2004DA7BD /* Foundation.framework */,
				AA50E4240C875F90004DA7BD /* AppKit.framework */,
			);
			name = Libraries;
			sourceTree = "<group>";
		};
		AA50E45B0C87664F004DA7BD /* Include */ = {
			isa = PBXGroup;
			children = (
				AA50E3A80C875DB7004DA7BD /* AppMain.h */,
				AA50E3AA0C875DB7004DA7BD /* CamelBones.h */,
				AA50E3AB0C875DB7004DA7BD /* CBPerl.h */,
				AA50E3AD0C875DB7004DA7BD /* CBPerlArray.h */,
				AA50E3B00C875DB7004DA7BD /* CBPerlHash.h */,
				AA50E3B30C875DB7004DA7BD /* CBPerlObject.h */,
				AA50E3B70C875DB7004DA7BD /* CBPerlScalar.h */,
			);
			name = Include;
			sourceTree = "<group>";
		};
		AA50E4620C876684004DA7BD /* Private-Include */ = {
			isa = PBXGroup;
			children = (
				AA50E3BE0C875DB7004DA7BD /* Conversions.h */,
				AA50E3C30C875DB7004DA7BD /* Globals.h */,
				AA50E3C60C875DB7004DA7BD /* NativeMethods.h */,
				AA50E3C80C875DB7004DA7BD /* PerlImports.h */,
				AA50E3CA0C875DB7004DA7BD /* PerlMethods.h */,
				AA50E3CF0C875DB7004DA7BD /* Runtime.h */,
				AA50E3D20C875DB7004DA7BD /* Structs.h */,
				AA50E3D80C875DB7004DA7BD /* Wrappers.h */,
				AA50E3AF0C875DB7004DA7BD /* CBPerlArrayInternals.h */,
				AA50E3B20C875DB7004DA7BD /* CBPerlHashInternals.h */,
				AA50E3B50C875DB7004DA7BD /* CBPerlObjectInternals.h */,
				AA50E3B90C875DB7004DA7BD /* CBPerlScalarInternals.h */,
				AA50E3BD0C875DB7004DA7BD /* Conversions_real.h */,
				AA50E3C00C875DB7004DA7BD /* DylibInit.h */,
				AA50E3C20C875DB7004DA7BD /* Globals_real.h */,
				AA50E3C50C875DB7004DA7BD /* NativeMethods_real.h */,
				AA50E3C90C875DB7004DA7BD /* PerlMethods_real.h */,
				AA50E3CD0C875DB7004DA7BD /* perlxsi.h */,
				AA50E3CE0C875DB7004DA7BD /* Runtime_real.h */,
				AA50E3D10C875DB7004DA7BD /* Structs_real.h */,
				AA50E3D70C875DB7004DA7BD /* Wrappers_real.h */,
			);
			name = "Private-Include";
			sourceTree = "<group>";
		};
		AA50E5CF0C877E37004DA7BD /* Resources */ = {
			isa = PBXGroup;
			children = (
			);
			name = Resources;
			sourceTree = "<group>";
		};
		AA91431A0CC99B010055B0E5 /* Perl Module */ = {
			isa = PBXGroup;
			children = (
				AA91431C0CC99B2A0055B0E5 /* AppKit */,
				AA9143590CC99B2A0055B0E5 /* Foundation */,
				AA9143620CC99B2A0055B0E5 /* lib */,
				84AC1BA80D73807100C751F7 /* t */,
				84AC1BB60D73808C00C751F7 /* Tests */,
				84B5406F0DA17D3800C351C3 /* CBDummyModule.pm */,
				AA83FE0E0CC9E9CF00E56F20 /* typemap */,
				AA9143570CC99B2A0055B0E5 /* CamelBones.xs */,
				AA9143580CC99B2A0055B0E5 /* cb_common.pl */,
				AA9143740CC99B2A0055B0E5 /* Makefile.PL */,
				AA9143750CC99B2A0055B0E5 /* MANIFEST */,
				AA9143760CC99B2A0055B0E5 /* MANIFEST.SKIP */,
				AA9143770CC99B2A0055B0E5 /* META.yml */,
				AA9143790CC99B2A0055B0E5 /* ppport.h */,
				AA91437A0CC99B2A0055B0E5 /* README */,
			);
			name = "Perl Module";
			sourceTree = "<group>";
		};
		AA91431C0CC99B2A0055B0E5 /* AppKit */ = {
			isa = PBXGroup;
			children = (
				AA9143200CC99B2A0055B0E5 /* AppKit.xs */,
				AA9143230CC99B2A0055B0E5 /* Makefile.PL */,
			);
			name = AppKit;
			path = CPAN/AppKit;
			sourceTree = "<group>";
		};
		AA9143590CC99B2A0055B0E5 /* Foundation */ = {
			isa = PBXGroup;
			children = (
				AA91435D0CC99B2A0055B0E5 /* Foundation.xs */,
				AA9143600CC99B2A0055B0E5 /* Makefile.PL */,
			);
			name = Foundation;
			path = CPAN/Foundation;
			sourceTree = "<group>";
		};
		AA9143620CC99B2A0055B0E5 /* lib */ = {
			isa = PBXGroup;
			children = (
				AA9143630CC99B2A0055B0E5 /* CamelBones */,
				AA9143710CC99B2A0055B0E5 /* CamelBones.pm */,
			);
			name = lib;
			path = CPAN/lib;
			sourceTree = "<group>";
		};
		AA9143630CC99B2A0055B0E5 /* CamelBones */ = {
			isa = PBXGroup;
			children = (
				82048DA01C96AF3500668B4F /* CGPoint.pm */,
				82048DA11C96AF3500668B4F /* CGRect.pm */,
				82048DA21C96AF3500668B4F /* CGSize.pm */,
				84AC1B9F0D73805000C751F7 /* Tests.pm */,
				AA9143640CC99B2A0055B0E5 /* AppKit */,
				AA9143660CC99B2A0055B0E5 /* AppKit.pm */,
				AA9143670CC99B2A0055B0E5 /* Foundation */,
				AA9143690CC99B2A0055B0E5 /* Foundation.pm */,
				AA91436A0CC99B2A0055B0E5 /* NSPoint.pm */,
				AA91436B0CC99B2A0055B0E5 /* NSRange.pm */,
				AA91436C0CC99B2A0055B0E5 /* NSRect.pm */,
				AA91436D0CC99B2A0055B0E5 /* NSSize.pm */,
				AA91436F0CC99B2A0055B0E5 /* TiedArray.pm */,
				AA9143700CC99B2A0055B0E5 /* TiedDictionary.pm */,
			);
			path = CamelBones;
			sourceTree = "<group>";
		};
		AA9143640CC99B2A0055B0E5 /* AppKit */ = {
			isa = PBXGroup;
			children = (
				AA9143650CC99B2A0055B0E5 /* Constants.pm */,
			);
			path = AppKit;
			sourceTree = "<group>";
		};
		AA9143670CC99B2A0055B0E5 /* Foundation */ = {
			isa = PBXGroup;
			children = (
				AA9143680CC99B2A0055B0E5 /* Constants.pm */,
			);
			path = Foundation;
			sourceTree = "<group>";
		};
		AADB3E12123A6E4A001D0951 /* PAR Kits */ = {
			isa = PBXGroup;
			children = (
				AADB3E1A123A6E90001D0951 /* MyConfig.pm */,
				AADB3E18123A6E6C001D0951 /* build-par.pl */,
				AADB3E15123A6E6C001D0951 /* build-devkit.pl */,
				AADB3E17123A6E6C001D0951 /* build-mpkit.pl */,
				AADB3E16123A6E6C001D0951 /* build-glkit.pl */,
				AADB3E19123A6E6C001D0951 /* build-xmlkit.pl */,
				AADB3E14123A6E6C001D0951 /* build-dbikit.pl */,
				AADB3E13123A6E6C001D0951 /* build-catkit.pl */,
			);
			name = "PAR Kits";
			sourceTree = "<group>";
		};
/* End PBXGroup section */

/* Begin PBXHeadersBuildPhase section */
		826184401BA8176100D8B9AB /* Headers */ = {
			isa = PBXHeadersBuildPhase;
			buildActionMask = 2147483647;
			files = (
				826184421BA8179700D8B9AB /* EXTERN.h in Headers */,
				826184441BA817B800D8B9AB /* perl.h in Headers */,
				826184461BA817CA00D8B9AB /* XSUB.h in Headers */,
			);
			runOnlyForDeploymentPostprocessing = 0;
		};
		AA9141B70CC98CCE0055B0E5 /* Headers */ = {
			isa = PBXHeadersBuildPhase;
			buildActionMask = 2147483647;
			files = (
				AA9141B80CC98CCE0055B0E5 /* AppMain.h in Headers */,
				AA9141B90CC98CCE0055B0E5 /* CamelBones.h in Headers */,
				AA9141BA0CC98CCE0055B0E5 /* CBPerl.h in Headers */,
				AA9141BB0CC98CCE0055B0E5 /* CBPerlArray.h in Headers */,
				AA9141BC0CC98CCE0055B0E5 /* CBPerlHash.h in Headers */,
				AA9144820CC9A4570055B0E5 /* CBPerlArrayInternals.h in Headers */,
				AA9144830CC9A4570055B0E5 /* CBPerlHashInternals.h in Headers */,
				AA9144840CC9A4570055B0E5 /* CBPerlObjectInternals.h in Headers */,
				AA9144850CC9A4570055B0E5 /* CBPerlScalarInternals.h in Headers */,
				AA9144870CC9A4570055B0E5 /* Conversions.h in Headers */,
				AA9144880CC9A4570055B0E5 /* Conversions_real.h in Headers */,
				AA9144890CC9A4570055B0E5 /* DylibInit.h in Headers */,
				AA91448A0CC9A4570055B0E5 /* Globals.h in Headers */,
				AA91448B0CC9A4570055B0E5 /* Globals_real.h in Headers */,
				AA91448C0CC9A4570055B0E5 /* NativeMethods.h in Headers */,
				AA91448D0CC9A4570055B0E5 /* NativeMethods_real.h in Headers */,
				AA91448E0CC9A4570055B0E5 /* PerlImports.h in Headers */,
				AA91448F0CC9A4570055B0E5 /* PerlMethods.h in Headers */,
				AA9144900CC9A4570055B0E5 /* PerlMethods_real.h in Headers */,
				AA9144910CC9A4570055B0E5 /* perlxsi.h in Headers */,
				AA9144920CC9A4570055B0E5 /* Runtime.h in Headers */,
				AA9144930CC9A4570055B0E5 /* Runtime_real.h in Headers */,
				AA9144940CC9A4570055B0E5 /* Structs.h in Headers */,
				AA9144950CC9A4570055B0E5 /* Structs_real.h in Headers */,
				AA9144960CC9A4570055B0E5 /* Wrappers.h in Headers */,
				AA9144970CC9A4570055B0E5 /* Wrappers_real.h in Headers */,
				AA9141BD0CC98CCE0055B0E5 /* CBPerlObject.h in Headers */,
				AA9141BE0CC98CCE0055B0E5 /* CBPerlScalar.h in Headers */,
			);
			runOnlyForDeploymentPostprocessing = 0;
		};
/* End PBXHeadersBuildPhase section */

/* Begin PBXNativeTarget section */
		826184021BA80E0E00D8B9AB /* darwin-thread-multi-2level-5.22 */ = {
			isa = PBXNativeTarget;
			buildConfigurationList = 826184181BA80E0E00D8B9AB /* Build configuration list for PBXNativeTarget "darwin-thread-multi-2level-5.22" */;
			buildPhases = (
				826184061BA80E0E00D8B9AB /* Sources */,
				82748FDE1CB46C5B00E8BC01 /* Copy Files */,
				826184161BA80E0E00D8B9AB /* Frameworks */,
				826184401BA8176100D8B9AB /* Headers */,
			);
			buildRules = (
			);
			dependencies = (
				826184031BA80E0E00D8B9AB /* PBXTargetDependency */,
			);
			name = "darwin-thread-multi-2level-5.22";
			productName = "darwin-thread-multi-2level-5.22";
			productReference = 8261841D1BA80E0E00D8B9AB /* darwin-thread-multi-2level-5.22.1.bundle */;
			productType = "com.apple.product-type.bundle";
		};
		AA9141B20CC98CCE0055B0E5 /* CamelBones.framework */ = {
			isa = PBXNativeTarget;
			buildConfigurationList = AA9142030CC98CCE0055B0E5 /* Build configuration list for PBXNativeTarget "CamelBones.framework" */;
			buildPhases = (
				84B5407D0DA17EB100C351C3 /* Resources */,
				AA9141B70CC98CCE0055B0E5 /* Headers */,
				AA9141C00CC98CCE0055B0E5 /* Sources */,
				AA9141C60CC98CCE0055B0E5 /* Frameworks */,
				AA83FE180CC9EA7100E56F20 /* CopyFiles */,
				8268ACA61BE7B9570028F13B /* ShellScript */,
			);
			buildRules = (
			);
			dependencies = (
			);
			name = CamelBones.framework;
			productName = CamelBones.framework;
			productReference = AA9142060CC98CCE0055B0E5 /* CamelBones.framework */;
			productType = "com.apple.product-type.framework";
		};
/* End PBXNativeTarget section */

/* Begin PBXProject section */
		AA50E2050C87571F004DA7BD /* Project object */ = {
			isa = PBXProject;
			attributes = {
				LastUpgradeCheck = 0510;
			};
			buildConfigurationList = AA50E2060C87571F004DA7BD /* Build configuration list for PBXProject "CamelBones" */;
			compatibilityVersion = "Xcode 3.2";
			developmentRegion = English;
			hasScannedForEncodings = 0;
			knownRegions = (
				English,
				Japanese,
				French,
				German,
			);
			mainGroup = AA50E2030C87571F004DA7BD;
			productRefGroup = AA50E2330C87587B004DA7BD /* Products */;
			projectDirPath = "";
			projectReferences = (
				{
					ProductGroup = 82748FD61CB4696200E8BC01 /* Products */;
					ProjectRef = 82748FD51CB4696200E8BC01 /* libffi.xcodeproj */;
				},
			);
			projectRoot = "";
			targets = (
				AA9141B20CC98CCE0055B0E5 /* CamelBones.framework */,
				826184021BA80E0E00D8B9AB /* darwin-thread-multi-2level-5.22 */,
				8261841F1BA80E2400D8B9AB /* Perl Module (5.22.0) */,
				826184351BA80ECD00D8B9AB /* PAR Kits (5.22.0) */,
				FFE361381057267700F0CA90 /* Snow Leopard */,
				AA7F61620DCCFBA900D20E5E /* All */,
			);
		};
/* End PBXProject section */

/* Begin PBXReferenceProxy section */
		82748FDB1CB4696200E8BC01 /* libffi.a */ = {
			isa = PBXReferenceProxy;
			fileType = archive.ar;
			path = libffi.a;
			remoteRef = 82748FDA1CB4696200E8BC01 /* PBXContainerItemProxy */;
			sourceTree = BUILT_PRODUCTS_DIR;
		};
		82748FDD1CB4696200E8BC01 /* libffi.dylib */ = {
			isa = PBXReferenceProxy;
			fileType = "compiled.mach-o.dylib";
			path = libffi.dylib;
			remoteRef = 82748FDC1CB4696200E8BC01 /* PBXContainerItemProxy */;
			sourceTree = BUILT_PRODUCTS_DIR;
		};
/* End PBXReferenceProxy section */

/* Begin PBXResourcesBuildPhase section */
		84B5407D0DA17EB100C351C3 /* Resources */ = {
			isa = PBXResourcesBuildPhase;
			buildActionMask = 2147483647;
			files = (
				82048DA41C96AF3500668B4F /* CGRect.pm in Resources */,
				826183FC1BA8095B00D8B9AB /* PluginInfo-5.22.0.plist in Resources */,
				82048DA51C96AF3500668B4F /* CGSize.pm in Resources */,
				82048DA31C96AF3500668B4F /* CGPoint.pm in Resources */,
				84B5407B0DA17E9300C351C3 /* CBDummyModule.pm in Resources */,
			);
			runOnlyForDeploymentPostprocessing = 0;
		};
/* End PBXResourcesBuildPhase section */

/* Begin PBXShellScriptBuildPhase section */
		826184241BA80E2400D8B9AB /* ShellScript */ = {
			isa = PBXShellScriptBuildPhase;
			buildActionMask = 2147483647;
			files = (
			);
			inputPaths = (
			);
			outputPaths = (
			);
			runOnlyForDeploymentPostprocessing = 0;
			shellPath = /bin/sh;
			shellScript = "export PERL=/usr/bin/perl\nexport CAMELBONES_PATH=\"$BUILD_DIR/$CONFIGURATION\"\nexport ARCHFLAGS=\"-arch i386 -arch x86_64\"\nexport VERSIONER_PERL_VERSION=5.22.0\nexport VERSIONER_PERL_PREFER_32_BIT=yes\n\ncd ${SRCROOT}/CPAN;\n\n\nif [ \"${CONFIGURATION}\" == \"Release\" ] ; then\n    export LIBDIR=\"$BUILD_DIR/$CONFIGURATION/Library/Perl/5.10.0\" ;\nelse\n    export LIBDIR=\"$BUILD_DIR/$CONFIGURATION/CamelBones.framework/Resources/5.10.0\" ;\nfi\n\n$PERL Makefile.PL LIB=$LIBDIR\nmake\n\nif [ \"${CONFIGURATION}\" == \"Debug\" ] ; then\n    PERL_DL_NONLAZY=1 arch -ppc $PERL \"-MExtUtils::Command::MM\" \"-e\" \"test_harness(0, 'blib/lib', 'blib/arch')\" t/*.t\n    PERL_DL_NONLAZY=1 arch -i386 $PERL \"-MExtUtils::Command::MM\" \"-e\" \"test_harness(0, 'blib/lib', 'blib/arch')\" t/*.t\nelse\n\tmake install\nfi\n\nmake distclean\n\nexit 0\n";
		};
		826184381BA80ECD00D8B9AB /* ShellScript */ = {
			isa = PBXShellScriptBuildPhase;
			buildActionMask = 2147483647;
			files = (
			);
			inputPaths = (
			);
			outputPaths = (
			);
			runOnlyForDeploymentPostprocessing = 0;
			shellPath = /bin/sh;
			shellScript = "export PERL=/usr/bin/perl\nexport ARCHFLAGS=\"-arch i386 -arch ppc\"\nexport VERSIONER_PERL_VERSION=5.10.0\nexport VERSIONER_PERL_PREFER_32_BIT=yes\n\nrm -rf \"$BUILD_DIR/.cpan/build\"\n\necho \"Installing PAR modules\"\nexport CB_PARKIT=PAR\nexport CB_PARKIT_PREREQ=\n$PERL build-par.pl\n\necho \"Installing DevKit modules\"\nexport CB_PARKIT=DevKit\nexport CB_PARKIT_PREREQ=PAR\n$PERL build-devkit.pl\n\necho \"Installing MacPerlKit modules\"\nexport CB_PARKIT=MacPerlKit\nexport CB_PARKIT_PREREQ='PAR DevKit'\n$PERL build-mpkit.pl\n\necho \"Installing GLKit modules\"\nexport CB_PARKIT=GLKit\nexport CB_PARKIT_PREREQ='PAR DevKit'\n$PERL build-glkit.pl\n\necho \"Installing XMLKit modules\"\nexport CB_PARKIT=XMLKit\nexport CB_PARKIT_PREREQ='PAR DevKit'\n$PERL build-xmlkit.pl\n\necho \"Installing DBIKit modules\"\nexport CB_PARKIT=DBIKit\nexport CB_PARKIT_PREREQ='PAR DevKit'\n$PERL build-dbikit.pl\n\necho \"Installing CatKit modules\"\nexport CB_PARKIT=CatKit\nexport CB_PARKIT_PREREQ='PAR DevKit MacPerlKit XMLKit DBIKit'\nexport CATALYST_DEVEL_NO_510_CHECK=1\n$PERL build-catkit.pl\n\nif [ \"${CONFIGURATION}\" != \"Debug\" ] ; then\n    if [ \"${CONFIGURATION}\" == \"Release\" ] ; then\n        # For release builds, create a PAR subdir to be installed in /Developer/CamelBones/Perl\n        mkdir -p \"$BUILD_DIR/$CONFIGURATION/PAR/5.10.0\"\n        cp -rf \"$BUILD_DIR/PAR/Library/Perl/Updates/5.10.0/\"* \"$BUILD_DIR/$CONFIGURATION/PAR/5.10.0\"\n        cp -rf \"$BUILD_DIR/PAR/Library/Perl/5.10.0/\"* \"$BUILD_DIR/$CONFIGURATION/PAR/5.10.0\"\n    else\n        # For embedded builds, copy into the framework's Resources subdir\n        mkdir -p \"$BUILD_DIR/$CONFIGURATION/CamelBones.framework/Resources/5.10.0\"\n        cp -rf \"$BUILD_DIR/PAR/Library/Perl/Updates/5.10.0/\"* \"$BUILD_DIR/$CONFIGURATION/CamelBones.framework/Resources/5.10.0\"\n        cp -rf \"$BUILD_DIR/PAR/Library/Perl/5.10.0/\"* \"$BUILD_DIR/$CONFIGURATION/CamelBones.framework/Resources/5.10.0\"\n    fi\n\n    # For all non-debug builds, update the .par files\n    for kit in DevKit MacPerlKit GLKit DBIKit XMLKit CatKit; do\n        echo \"Adding 5.10.0 files to $kit.par\"\n\n        if [ -d \"$BUILD_DIR/$kit/usr/bin\" ] ; then\n            cd \"$BUILD_DIR/$kit/usr\"\n            zip -9qr \"$BUILD_DIR/$kit.par\" bin\n        fi\n\n        if [ -d \"$BUILD_DIR/$kit/usr/local/bin\" ] ; then\n            cd \"$BUILD_DIR/$kit/usr/local\"\n            zip -9qr \"$BUILD_DIR/$kit.par\" bin\n        fi\n\n        if [ -d \"$BUILD_DIR/$kit/Library/Perl/5.10.0\" ] ; then\n            cd \"$BUILD_DIR/$kit/Library/Perl\"\n            zip -9qr \"$BUILD_DIR/$kit.par\" 5.10.0\n        fi\n\n        if [ -d \"$BUILD_DIR/$kit/Library/Perl/Updates/5.10.0\" ] ; then\n            cd \"$BUILD_DIR/$kit/Library/Perl/Updates\"\n            zip -9qr \"$BUILD_DIR/$kit.par\" 5.10.0\n        fi\n    done\nfi\n";
			showEnvVarsInLog = 0;
		};
		8268ACA61BE7B9570028F13B /* ShellScript */ = {
			isa = PBXShellScriptBuildPhase;
			buildActionMask = 2147483647;
			files = (
			);
			inputPaths = (
			);
			outputPaths = (
			);
			runOnlyForDeploymentPostprocessing = 0;
			shellPath = /bin/bash;
			shellScript = "#!/bin/bash\n#rm -rf \"$BUILD_DIR/$CONFIGURATION/CamelBones.framework/Versions/A/Libraries\"\n#rm -rf \"$BUILD_DIR/$CONFIGURATION/CamelBones.framework/Libraries\"\n#if [! -e \"$BUILD_DIR/$CONFIGURATION/CamelBones.framework/Versions/A/Libraries\"]\n#    then\n        mkdir -p \"$BUILD_DIR/$CONFIGURATION/CamelBones.framework/Versions/A/Libraries\"\n#fi\n\n#if [-h \"$BUILD_DIR/$CONFIGURATION/CamelBones.framework/Libraries\"]\n#then\n#nothing\n#else\nln -fs \"$BUILD_DIR/$CONFIGURATION/CamelBones.framework/Versions/A/Libraries\" \"$BUILD_DIR/$CONFIGURATION/CamelBones.framework\"\n#fi\n\n\n";
		};
/* End PBXShellScriptBuildPhase section */

/* Begin PBXSourcesBuildPhase section */
		826184061BA80E0E00D8B9AB /* Sources */ = {
			isa = PBXSourcesBuildPhase;
			buildActionMask = 2147483647;
			files = (
				826184071BA80E0E00D8B9AB /* CBPerl.m in Sources */,
				826184081BA80E0E00D8B9AB /* CBPerlArray.m in Sources */,
				826184091BA80E0E00D8B9AB /* CBPerlHash.m in Sources */,
				8261840A1BA80E0E00D8B9AB /* CBPerlObject.m in Sources */,
				8261840C1BA80E0E00D8B9AB /* CBPerlScalar.m in Sources */,
				8261840B1BA80E0E00D8B9AB /* CBPerlObjectInternals.m in Sources */,
				8261840D1BA80E0E00D8B9AB /* CBPerlScalarInternals.m in Sources */,
				8261840E1BA80E0E00D8B9AB /* Conversions.m in Sources */,
				8261840F1BA80E0E00D8B9AB /* Globals.m in Sources */,
				826184101BA80E0E00D8B9AB /* NativeMethods.m in Sources */,
				826184111BA80E0E00D8B9AB /* PerlMethods.m in Sources */,
				826184121BA80E0E00D8B9AB /* perlxsi.c in Sources */,
				826184131BA80E0E00D8B9AB /* Runtime.m in Sources */,
				826184141BA80E0E00D8B9AB /* Structs.m in Sources */,
				826184151BA80E0E00D8B9AB /* Wrappers.m in Sources */,
			);
			runOnlyForDeploymentPostprocessing = 0;
		};
		AA9141C00CC98CCE0055B0E5 /* Sources */ = {
			isa = PBXSourcesBuildPhase;
			buildActionMask = 2147483647;
			files = (
				AA9141C10CC98CCE0055B0E5 /* DylibInit.m in Sources */,
				AA9141C20CC98CCE0055B0E5 /* AppMain.m in Sources */,
				AA9141C30CC98CCE0055B0E5 /* StubInit.m in Sources */,
				AA9141C40CC98CCE0055B0E5 /* StubClasses.m in Sources */,
				AA9141C50CC98CCE0055B0E5 /* StubFunctions.m in Sources */,
			);
			runOnlyForDeploymentPostprocessing = 0;
		};
/* End PBXSourcesBuildPhase section */

/* Begin PBXTargetDependency section */
		826184031BA80E0E00D8B9AB /* PBXTargetDependency */ = {
			isa = PBXTargetDependency;
			target = AA9141B20CC98CCE0055B0E5 /* CamelBones.framework */;
			targetProxy = 826184041BA80E0E00D8B9AB /* PBXContainerItemProxy */;
		};
		826184221BA80E2400D8B9AB /* PBXTargetDependency */ = {
			isa = PBXTargetDependency;
			target = AA9141B20CC98CCE0055B0E5 /* CamelBones.framework */;
			targetProxy = 826184231BA80E2400D8B9AB /* PBXContainerItemProxy */;
		};
		826184361BA80ECD00D8B9AB /* PBXTargetDependency */ = {
			isa = PBXTargetDependency;
			target = AA9141B20CC98CCE0055B0E5 /* CamelBones.framework */;
			targetProxy = 826184371BA80ECD00D8B9AB /* PBXContainerItemProxy */;
		};
		AA35BF2F122D9ED0004C705B /* PBXTargetDependency */ = {
			isa = PBXTargetDependency;
			target = AA9141B20CC98CCE0055B0E5 /* CamelBones.framework */;
			targetProxy = AA35BF2E122D9ED0004C705B /* PBXContainerItemProxy */;
		};
		AA6D089A122C6D9200ED0CC7 /* PBXTargetDependency */ = {
			isa = PBXTargetDependency;
			target = FFE361381057267700F0CA90 /* Snow Leopard */;
			targetProxy = AA6D0899122C6D9200ED0CC7 /* PBXContainerItemProxy */;
		};
/* End PBXTargetDependency section */

/* Begin XCBuildConfiguration section */
		826184191BA80E0E00D8B9AB /* Debug */ = {
			isa = XCBuildConfiguration;
			buildSettings = {
				ARCHS = "$(ARCHS_STANDARD_32_64_BIT)";
				BUNDLE_LOADER = "$(BUILD_DIR)/$(CONFIGURATION)/CamelBones.framework/CamelBones";
				COMBINE_HIDPI_IMAGES = YES;
				CONFIGURATION_BUILD_DIR = "$(BUILD_DIR)/$(CONFIGURATION)/CamelBones.framework/Versions/A/Libraries";
				DEPLOYMENT_LOCATION = NO;
				FRAMEWORK_SEARCH_PATHS = "$(BUILD_DIR)/$(CONFIGURATION)";
				GCC_DYNAMIC_NO_PIC = NO;
				GCC_GENERATE_DEBUGGING_SYMBOLS = YES;
				GCC_INPUT_FILETYPE = sourcecode.c.objc;
				GCC_MODEL_TUNING = "";
				GCC_OPTIMIZATION_LEVEL = 0;
				GCC_PRECOMPILE_PREFIX_HEADER = NO;
				GCC_WARN_64_TO_32_BIT_CONVERSION = YES;
				HEADER_SEARCH_PATHS = .;
				INFOPLIST_FILE = "darwin-thread-multi-2level-5.22-Info.plist";
				LD_RUNPATH_SEARCH_PATHS = "@loader_path/../Frameworks";
				LIBRARY_SEARCH_PATHS = (
					"libffi-3.2.1/libffi_dylib/Debug",
					"/opt/local/lib/perl5/5.22/darwin-thread-multi-2level/CORE",
					"$(USER_LIBRARY_DIR)/Developer/Xcode/DerivedData/libffi-chpwbpcajlxmwdccszwbcnytmcvo/Build/Products/Debug",
				);
				MACOSX_DEPLOYMENT_TARGET = 10.6;
				ONLY_ACTIVE_ARCH = NO;
				OTHER_CFLAGS = (
					"-fno-common",
					"-DPERL_DARWIN",
					"-no-cpp-precomp",
					"-fno-strict-aliasing",
					"-DPERL_LEOPARD",
				);
				OTHER_LDFLAGS = (
					"libffi-3.2.1/libffi_dylib/Debug/libffi.dylib",
					"-framework",
					Foundation,
					"-framework",
					AppKit,
					"-v",
				);
				PREBINDING = NO;
				PRODUCT_NAME = "darwin-thread-multi-2level-5.22.1";
				SDKROOT = macosx;
				SKIP_INSTALL = YES;
				USER_HEADER_SEARCH_PATHS = "/opt/local/lib/perl5/5.22/darwin-thread-multi-2level/CORE";
				WRAPPER_EXTENSION = bundle;
			};
			name = Debug;
		};
		8261841A1BA80E0E00D8B9AB /* Release */ = {
			isa = XCBuildConfiguration;
			buildSettings = {
				ARCHS = "$(ARCHS_STANDARD_32_64_BIT)";
				BUNDLE_LOADER = "$(BUILD_DIR)/$(CONFIGURATION)/CamelBones.framework/CamelBones";
				COMBINE_HIDPI_IMAGES = YES;
				CONFIGURATION_BUILD_DIR = "$(BUILD_DIR)/$(CONFIGURATION)/CamelBones.framework/Versions/A/Libraries";
				DEPLOYMENT_LOCATION = NO;
				FRAMEWORK_SEARCH_PATHS = "$(BUILD_DIR)/$(CONFIGURATION)";
				GCC_DYNAMIC_NO_PIC = NO;
				GCC_GENERATE_DEBUGGING_SYMBOLS = NO;
				GCC_INPUT_FILETYPE = sourcecode.c.objc;
				GCC_MODEL_TUNING = "";
				GCC_PRECOMPILE_PREFIX_HEADER = NO;
				GCC_WARN_64_TO_32_BIT_CONVERSION = YES;
				HEADER_SEARCH_PATHS = .;
				INFOPLIST_FILE = "darwin-thread-multi-2level-5.22-Info.plist";
				LD_RUNPATH_SEARCH_PATHS = "@loader_path/../Frameworks";
				LIBRARY_SEARCH_PATHS = (
					"libffi-3.2.1/libffi_dylib/Debug",
					"/opt/local/lib/perl5/5.22/darwin-thread-multi-2level/CORE",
					"$(USER_LIBRARY_DIR)/Developer/Xcode/DerivedData/libffi-chpwbpcajlxmwdccszwbcnytmcvo/Build/Products/Debug",
				);
				MACOSX_DEPLOYMENT_TARGET = 10.6;
				OTHER_CFLAGS = (
					"-fno-common",
					"-DPERL_DARWIN",
					"-no-cpp-precomp",
					"-fno-strict-aliasing",
					"-DPERL_LEOPARD",
				);
				OTHER_LDFLAGS = (
					"libffi-3.2.1/libffi_dylib/Debug/libffi.dylib",
					"-framework",
					Foundation,
					"-framework",
					AppKit,
					"-v",
				);
				PREBINDING = NO;
				PRODUCT_NAME = "darwin-thread-multi-2level-5.22.1";
				SDKROOT = macosx;
				SKIP_INSTALL = YES;
				USER_HEADER_SEARCH_PATHS = "/opt/local/lib/perl5/5.22/darwin-thread-multi-2level/CORE";
				WRAPPER_EXTENSION = bundle;
			};
			name = Release;
		};
		8261841B1BA80E0E00D8B9AB /* Release-App-Embedded */ = {
			isa = XCBuildConfiguration;
			buildSettings = {
				ARCHS = "$(ARCHS_STANDARD_32_64_BIT)";
				BUNDLE_LOADER = "$(BUILD_DIR)/$(CONFIGURATION)/CamelBones.framework/CamelBones";
				COMBINE_HIDPI_IMAGES = YES;
				CONFIGURATION_BUILD_DIR = "$(BUILD_DIR)/$(CONFIGURATION)/CamelBones.framework/Libraries";
				DEPLOYMENT_LOCATION = NO;
				FRAMEWORK_SEARCH_PATHS = "$(BUILD_DIR)/$(CONFIGURATION)";
				GCC_DYNAMIC_NO_PIC = NO;
				GCC_GENERATE_DEBUGGING_SYMBOLS = NO;
				GCC_INPUT_FILETYPE = sourcecode.c.objc;
				GCC_MODEL_TUNING = "";
				GCC_PRECOMPILE_PREFIX_HEADER = NO;
				GCC_WARN_64_TO_32_BIT_CONVERSION = YES;
				HEADER_SEARCH_PATHS = .;
				INFOPLIST_FILE = "darwin-thread-multi-2level-5.22-Info.plist";
				LD_RUNPATH_SEARCH_PATHS = "@loader_path/../Frameworks";
				LIBRARY_SEARCH_PATHS = (
					"libffi-3.2.1/libffi_dylib/Debug",
					"/opt/local/lib/perl5/5.22/darwin-thread-multi-2level/CORE",
					"$(USER_LIBRARY_DIR)/Developer/Xcode/DerivedData/libffi-chpwbpcajlxmwdccszwbcnytmcvo/Build/Products/Debug",
				);
				MACOSX_DEPLOYMENT_TARGET = 10.6;
				OTHER_CFLAGS = (
					"-fno-common",
					"-DPERL_DARWIN",
					"-no-cpp-precomp",
					"-fno-strict-aliasing",
					"-DPERL_LEOPARD",
				);
				OTHER_LDFLAGS = (
					"libffi-3.2.1/libffi_dylib/Debug/libffi.dylib",
					"-framework",
					Foundation,
					"-framework",
					AppKit,
					"-v",
				);
				PREBINDING = NO;
				PRODUCT_NAME = "darwin-thread-multi-2level-5.22.1";
				SDKROOT = macosx;
				SKIP_INSTALL = YES;
				USER_HEADER_SEARCH_PATHS = "/opt/local/lib/perl5/5.22/darwin-thread-multi-2level/CORE";
				WRAPPER_EXTENSION = bundle;
			};
			name = "Release-App-Embedded";
		};
		8261841C1BA80E0E00D8B9AB /* Release-Lib-Embedded */ = {
			isa = XCBuildConfiguration;
			buildSettings = {
				ARCHS = "$(ARCHS_STANDARD_32_64_BIT)";
				BUNDLE_LOADER = "$(BUILD_DIR)/$(CONFIGURATION)/CamelBones.framework/CamelBones";
				COMBINE_HIDPI_IMAGES = YES;
				CONFIGURATION_BUILD_DIR = "$(BUILD_DIR)/$(CONFIGURATION)/CamelBones.framework/Libraries";
				DEPLOYMENT_LOCATION = NO;
				FRAMEWORK_SEARCH_PATHS = "$(BUILD_DIR)/$(CONFIGURATION)";
				GCC_DYNAMIC_NO_PIC = NO;
				GCC_GENERATE_DEBUGGING_SYMBOLS = NO;
				GCC_INPUT_FILETYPE = sourcecode.c.objc;
				GCC_MODEL_TUNING = "";
				GCC_PRECOMPILE_PREFIX_HEADER = NO;
				GCC_WARN_64_TO_32_BIT_CONVERSION = YES;
				HEADER_SEARCH_PATHS = .;
				INFOPLIST_FILE = "darwin-thread-multi-2level-5.22-Info.plist";
				LD_RUNPATH_SEARCH_PATHS = "@loader_path/../Frameworks";
				LIBRARY_SEARCH_PATHS = (
					"libffi-3.2.1/libffi_dylib/Debug",
					"/opt/local/lib/perl5/5.22/darwin-thread-multi-2level/CORE",
					"$(USER_LIBRARY_DIR)/Developer/Xcode/DerivedData/libffi-chpwbpcajlxmwdccszwbcnytmcvo/Build/Products/Debug",
				);
				MACOSX_DEPLOYMENT_TARGET = 10.6;
				OTHER_CFLAGS = (
					"-fno-common",
					"-DPERL_DARWIN",
					"-no-cpp-precomp",
					"-fno-strict-aliasing",
					"-DPERL_LEOPARD",
				);
				OTHER_LDFLAGS = (
					"libffi-3.2.1/libffi_dylib/Debug/libffi.dylib",
					"-framework",
					Foundation,
					"-framework",
					AppKit,
					"-v",
				);
				PREBINDING = NO;
				PRODUCT_NAME = "darwin-thread-multi-2level-5.22.1";
				SDKROOT = macosx;
				SKIP_INSTALL = YES;
				USER_HEADER_SEARCH_PATHS = "/opt/local/lib/perl5/5.22/darwin-thread-multi-2level/CORE";
				WRAPPER_EXTENSION = bundle;
			};
			name = "Release-Lib-Embedded";
		};
		826184261BA80E2400D8B9AB /* Debug */ = {
			isa = XCBuildConfiguration;
			buildSettings = {
				ARCHS = "$(ARCHS_STANDARD_32_64_BIT)";
				COPY_PHASE_STRIP = NO;
				GCC_DYNAMIC_NO_PIC = NO;
				GCC_GENERATE_DEBUGGING_SYMBOLS = YES;
				GCC_OPTIMIZATION_LEVEL = 0;
				MACOSX_DEPLOYMENT_TARGET = 10.5;
				PRODUCT_NAME = "Perl Module (5.22.0)";
				SDKROOT = macosx;
			};
			name = Debug;
		};
		826184271BA80E2400D8B9AB /* Release */ = {
			isa = XCBuildConfiguration;
			buildSettings = {
				ARCHS = "$(ARCHS_STANDARD_32_64_BIT)";
				COPY_PHASE_STRIP = YES;
				GCC_ENABLE_FIX_AND_CONTINUE = NO;
				GCC_GENERATE_DEBUGGING_SYMBOLS = NO;
				MACOSX_DEPLOYMENT_TARGET = 10.5;
				PRODUCT_NAME = "Perl Module (5.22.0)";
				SDKROOT = macosx;
				ZERO_LINK = NO;
			};
			name = Release;
		};
		826184281BA80E2400D8B9AB /* Release-App-Embedded */ = {
			isa = XCBuildConfiguration;
			buildSettings = {
				ARCHS = "$(ARCHS_STANDARD_32_64_BIT)";
				MACOSX_DEPLOYMENT_TARGET = 10.5;
				PRODUCT_NAME = "Perl Module (5.22.0)";
				SDKROOT = macosx;
			};
			name = "Release-App-Embedded";
		};
		826184291BA80E2400D8B9AB /* Release-Lib-Embedded */ = {
			isa = XCBuildConfiguration;
			buildSettings = {
				ARCHS = "$(ARCHS_STANDARD_32_64_BIT)";
				MACOSX_DEPLOYMENT_TARGET = 10.5;
				PRODUCT_NAME = "Perl Module (5.22.0)";
				SDKROOT = macosx;
			};
			name = "Release-Lib-Embedded";
		};
		8261843A1BA80ECD00D8B9AB /* Debug */ = {
			isa = XCBuildConfiguration;
			buildSettings = {
				ARCHS = "$(ARCHS_STANDARD_32_64_BIT)";
				COPY_PHASE_STRIP = NO;
				GCC_DYNAMIC_NO_PIC = NO;
				GCC_OPTIMIZATION_LEVEL = 0;
				MACOSX_DEPLOYMENT_TARGET = 10.6;
				PRODUCT_NAME = "PAR Kits (5.10.0) copy";
				SDKROOT = macosx;
			};
			name = Debug;
		};
		8261843B1BA80ECD00D8B9AB /* Release */ = {
			isa = XCBuildConfiguration;
			buildSettings = {
				ARCHS = "$(ARCHS_STANDARD_32_64_BIT)";
				COPY_PHASE_STRIP = YES;
				DEBUG_INFORMATION_FORMAT = "dwarf-with-dsym";
				GCC_ENABLE_FIX_AND_CONTINUE = NO;
				MACOSX_DEPLOYMENT_TARGET = 10.6;
				PRODUCT_NAME = "PAR Kits (5.10.0) copy";
				SDKROOT = macosx;
				ZERO_LINK = NO;
			};
			name = Release;
		};
		8261843C1BA80ECD00D8B9AB /* Release-App-Embedded */ = {
			isa = XCBuildConfiguration;
			buildSettings = {
				ARCHS = "$(ARCHS_STANDARD_32_64_BIT)";
				MACOSX_DEPLOYMENT_TARGET = 10.6;
				PRODUCT_NAME = "PAR Kits (5.10.0) copy";
				SDKROOT = macosx;
			};
			name = "Release-App-Embedded";
		};
		8261843D1BA80ECD00D8B9AB /* Release-Lib-Embedded */ = {
			isa = XCBuildConfiguration;
			buildSettings = {
				ARCHS = "$(ARCHS_STANDARD_32_64_BIT)";
				MACOSX_DEPLOYMENT_TARGET = 10.6;
				PRODUCT_NAME = "PAR Kits (5.10.0) copy";
				SDKROOT = macosx;
			};
			name = "Release-Lib-Embedded";
		};
		AA50E2070C87571F004DA7BD /* Debug */ = {
			isa = XCBuildConfiguration;
			buildSettings = {
				ARCHS = "$(ARCHS_STANDARD_32_64_BIT)";
				COPY_PHASE_STRIP = NO;
				FRAMEWORK_SEARCH_PATHS = (
					/System/Library/Frameworks,
					/Library/Frameworks,
				);
				GCC_FAST_OBJC_DISPATCH = NO;
				GCC_MODEL_TUNING = "";
				HEADER_SEARCH_PATHS = (
					"$(inherited)",
					/Applications/Xcode511.app/Contents/Developer/Toolchains/XcodeDefault.xctoolchain/usr/include,
					"/opt/local/lib/perl5/5.22/darwin-thread-multi-2level/CORE/",
				);
				MACOSX_DEPLOYMENT_TARGET = 10.7;
				ONLY_ACTIVE_ARCH = YES;
				SDKROOT = macosx;
				USER_HEADER_SEARCH_PATHS = "/opt/local/lib/perl5/5.22/darwin-thread-multi-2level/CORE/**";
				WARNING_CFLAGS = "-Wall";
			};
			name = Debug;
		};
		AA50E2080C87571F004DA7BD /* Release */ = {
			isa = XCBuildConfiguration;
			buildSettings = {
				ARCHS = "$(ARCHS_STANDARD_32_64_BIT)";
				COPY_PHASE_STRIP = NO;
				FRAMEWORK_SEARCH_PATHS = (
					/System/Library/Frameworks,
					/Library/Frameworks,
				);
				GCC_FAST_OBJC_DISPATCH = NO;
				GCC_GENERATE_DEBUGGING_SYMBOLS = NO;
				GCC_MODEL_TUNING = "";
				HEADER_SEARCH_PATHS = (
					"$(inherited)",
					/Applications/Xcode511.app/Contents/Developer/Toolchains/XcodeDefault.xctoolchain/usr/include,
					"/opt/local/lib/perl5/5.22/darwin-thread-multi-2level/CORE/",
				);
				MACOSX_DEPLOYMENT_TARGET = 10.7;
				SDKROOT = macosx;
				USER_HEADER_SEARCH_PATHS = "/opt/local/lib/perl5/5.22/darwin-thread-multi-2level/CORE/**";
				WARNING_CFLAGS = "-Wall";
			};
			name = Release;
		};
		AA6C31BA0CCC912D00306BD7 /* Release-App-Embedded */ = {
			isa = XCBuildConfiguration;
			buildSettings = {
				COMBINE_HIDPI_IMAGES = YES;
				GCC_GENERATE_DEBUGGING_SYMBOLS = NO;
				GCC_INCREASE_PRECOMPILED_HEADER_SHARING = NO;
				GCC_INPUT_FILETYPE = sourcecode.c.objc;
				GCC_MODEL_TUNING = "";
				GCC_NO_COMMON_BLOCKS = YES;
				GCC_PRECOMPILE_PREFIX_HEADER = NO;
				GCC_PREFIX_HEADER = "$(SYSTEM_LIBRARY_DIR)/Frameworks/Cocoa.framework/Headers/Cocoa.h";
				GCC_VERSION = "";
				HEADER_SEARCH_PATHS = (
					"$(inherited)",
					/Applications/Xcode511.app/Contents/Developer/Toolchains/XcodeDefault.xctoolchain/usr/include,
					"/opt/local/lib/perl5/5.22/darwin-thread-multi-2level/CORE/",
				);
				INFOPLIST_FILE = Info.plist;
				INSTALL_PATH = "@executable_path/../Frameworks";
				LIBRARY_SEARCH_PATHS = (
					"$(inherited)",
					"/opt/local/lib/perl5/5.22/darwin-thread-multi-2level/CORE",
				);
				MACOSX_DEPLOYMENT_TARGET = 10.7;
				ONLY_ACTIVE_ARCH = NO;
				PREBINDING = NO;
				PRODUCT_NAME = CamelBones;
				SDKROOT = macosx;
				USER_HEADER_SEARCH_PATHS = "/opt/local/lib/perl5/5.22/darwin-thread-multi-2level/CORE/";
			};
			name = "Release-App-Embedded";
		};
		AA6C31BB0CCC912D00306BD7 /* Release-Lib-Embedded */ = {
			isa = XCBuildConfiguration;
			buildSettings = {
				COMBINE_HIDPI_IMAGES = YES;
				GCC_GENERATE_DEBUGGING_SYMBOLS = NO;
				GCC_INCREASE_PRECOMPILED_HEADER_SHARING = NO;
				GCC_INPUT_FILETYPE = sourcecode.c.objc;
				GCC_MODEL_TUNING = "";
				GCC_NO_COMMON_BLOCKS = YES;
				GCC_PRECOMPILE_PREFIX_HEADER = NO;
				GCC_PREFIX_HEADER = "$(SYSTEM_LIBRARY_DIR)/Frameworks/Cocoa.framework/Headers/Cocoa.h";
				GCC_VERSION = "";
				HEADER_SEARCH_PATHS = (
					"$(inherited)",
					/Applications/Xcode511.app/Contents/Developer/Toolchains/XcodeDefault.xctoolchain/usr/include,
					"/opt/local/lib/perl5/5.22/darwin-thread-multi-2level/CORE/",
				);
				INFOPLIST_FILE = Info.plist;
				INSTALL_PATH = "@loader_path/../Frameworks";
				LIBRARY_SEARCH_PATHS = (
					"$(inherited)",
					"/opt/local/lib/perl5/5.22/darwin-thread-multi-2level/CORE",
				);
				MACOSX_DEPLOYMENT_TARGET = 10.7;
				ONLY_ACTIVE_ARCH = NO;
				PREBINDING = NO;
				PRODUCT_NAME = CamelBones;
				SDKROOT = macosx;
				USER_HEADER_SEARCH_PATHS = "/opt/local/lib/perl5/5.22/darwin-thread-multi-2level/CORE/";
			};
			name = "Release-Lib-Embedded";
		};
		AA6C31C40CCC912D00306BD7 /* Release-App-Embedded */ = {
			isa = XCBuildConfiguration;
			buildSettings = {
				ARCHS = "$(ARCHS_STANDARD_32_64_BIT)";
				COPY_PHASE_STRIP = NO;
				FRAMEWORK_SEARCH_PATHS = (
					/System/Library/Frameworks,
					/Library/Frameworks,
				);
				GCC_FAST_OBJC_DISPATCH = NO;
				GCC_GENERATE_DEBUGGING_SYMBOLS = NO;
				GCC_MODEL_TUNING = "";
				HEADER_SEARCH_PATHS = (
					"$(inherited)",
					/Applications/Xcode511.app/Contents/Developer/Toolchains/XcodeDefault.xctoolchain/usr/include,
					"/opt/local/lib/perl5/5.22/darwin-thread-multi-2level/CORE/",
				);
				MACOSX_DEPLOYMENT_TARGET = 10.7;
				SDKROOT = macosx;
				USER_HEADER_SEARCH_PATHS = "/opt/local/lib/perl5/5.22/darwin-thread-multi-2level/CORE/**";
				WARNING_CFLAGS = "-Wall";
			};
			name = "Release-App-Embedded";
		};
		AA6C31C50CCC912D00306BD7 /* Release-Lib-Embedded */ = {
			isa = XCBuildConfiguration;
			buildSettings = {
				ARCHS = "$(ARCHS_STANDARD_32_64_BIT)";
				COPY_PHASE_STRIP = NO;
				FRAMEWORK_SEARCH_PATHS = (
					/System/Library/Frameworks,
					/Library/Frameworks,
				);
				GCC_FAST_OBJC_DISPATCH = NO;
				GCC_GENERATE_DEBUGGING_SYMBOLS = NO;
				GCC_MODEL_TUNING = "";
				HEADER_SEARCH_PATHS = (
					"$(inherited)",
					/Applications/Xcode511.app/Contents/Developer/Toolchains/XcodeDefault.xctoolchain/usr/include,
					"/opt/local/lib/perl5/5.22/darwin-thread-multi-2level/CORE/",
				);
				MACOSX_DEPLOYMENT_TARGET = 10.7;
				SDKROOT = macosx;
				USER_HEADER_SEARCH_PATHS = "/opt/local/lib/perl5/5.22/darwin-thread-multi-2level/CORE/**";
				WARNING_CFLAGS = "-Wall";
			};
			name = "Release-Lib-Embedded";
		};
		AA7F61720DCCFBA900D20E5E /* Debug */ = {
			isa = XCBuildConfiguration;
			buildSettings = {
				COPY_PHASE_STRIP = NO;
				GCC_DYNAMIC_NO_PIC = NO;
				GCC_GENERATE_DEBUGGING_SYMBOLS = YES;
				GCC_OPTIMIZATION_LEVEL = 0;
				PRODUCT_NAME = All;
			};
			name = Debug;
		};
		AA7F61730DCCFBA900D20E5E /* Release */ = {
			isa = XCBuildConfiguration;
			buildSettings = {
				COPY_PHASE_STRIP = YES;
				GCC_ENABLE_FIX_AND_CONTINUE = NO;
				GCC_GENERATE_DEBUGGING_SYMBOLS = NO;
				PRODUCT_NAME = All;
				ZERO_LINK = NO;
			};
			name = Release;
		};
		AA7F61740DCCFBA900D20E5E /* Release-App-Embedded */ = {
			isa = XCBuildConfiguration;
			buildSettings = {
				PRODUCT_NAME = All;
			};
			name = "Release-App-Embedded";
		};
		AA7F61750DCCFBA900D20E5E /* Release-Lib-Embedded */ = {
			isa = XCBuildConfiguration;
			buildSettings = {
				PRODUCT_NAME = All;
			};
			name = "Release-Lib-Embedded";
		};
		AA9142040CC98CCE0055B0E5 /* Debug */ = {
			isa = XCBuildConfiguration;
			buildSettings = {
				COMBINE_HIDPI_IMAGES = YES;
				CONFIGURATION_BUILD_DIR = "$(BUILD_DIR)/$(CONFIGURATION)$(EFFECTIVE_PLATFORM_NAME)";
				GCC_DYNAMIC_NO_PIC = NO;
				GCC_GENERATE_DEBUGGING_SYMBOLS = YES;
				GCC_INCREASE_PRECOMPILED_HEADER_SHARING = NO;
				GCC_INPUT_FILETYPE = sourcecode.c.objc;
				GCC_MODEL_TUNING = "";
				GCC_NO_COMMON_BLOCKS = YES;
				GCC_OPTIMIZATION_LEVEL = 0;
				GCC_PRECOMPILE_PREFIX_HEADER = NO;
				GCC_PREFIX_HEADER = "$(SYSTEM_LIBRARY_DIR)/Frameworks/Cocoa.framework/Headers/Cocoa.h";
				GCC_VERSION = "";
				HEADER_SEARCH_PATHS = (
					"$(inherited)",
					/Applications/Xcode511.app/Contents/Developer/Toolchains/XcodeDefault.xctoolchain/usr/include,
					"/opt/local/lib/perl5/5.22/darwin-thread-multi-2level/CORE/",
				);
				INFOPLIST_FILE = Info.plist;
				INSTALL_PATH = "$(BUILD_DIR)/$(CONFIGURATION)";
				LIBRARY_SEARCH_PATHS = (
					"$(inherited)",
					"/opt/local/lib/perl5/5.22/darwin-thread-multi-2level/CORE",
				);
				MACOSX_DEPLOYMENT_TARGET = 10.7;
				ONLY_ACTIVE_ARCH = NO;
				PREBINDING = NO;
				PRODUCT_NAME = CamelBones;
				SDKROOT = macosx;
				SYMROOT = build;
				USER_HEADER_SEARCH_PATHS = "/opt/local/lib/perl5/5.22/darwin-thread-multi-2level/CORE/";
			};
			name = Debug;
		};
		AA9142050CC98CCE0055B0E5 /* Release */ = {
			isa = XCBuildConfiguration;
			buildSettings = {
				COMBINE_HIDPI_IMAGES = YES;
				GCC_GENERATE_DEBUGGING_SYMBOLS = NO;
				GCC_INCREASE_PRECOMPILED_HEADER_SHARING = NO;
				GCC_INPUT_FILETYPE = sourcecode.c.objc;
				GCC_MODEL_TUNING = "";
				GCC_NO_COMMON_BLOCKS = YES;
				GCC_PRECOMPILE_PREFIX_HEADER = NO;
				GCC_PREFIX_HEADER = "$(SYSTEM_LIBRARY_DIR)/Frameworks/Cocoa.framework/Headers/Cocoa.h";
				GCC_VERSION = "";
				HEADER_SEARCH_PATHS = (
					"$(inherited)",
					/Applications/Xcode511.app/Contents/Developer/Toolchains/XcodeDefault.xctoolchain/usr/include,
					"/opt/local/lib/perl5/5.22/darwin-thread-multi-2level/CORE/",
				);
				INFOPLIST_FILE = Info.plist;
				INSTALL_PATH = "$(BUILD_DIR)/$(CONFIGURATION)";
				LIBRARY_SEARCH_PATHS = (
					"$(inherited)",
					"/opt/local/lib/perl5/5.22/darwin-thread-multi-2level/CORE",
				);
				MACOSX_DEPLOYMENT_TARGET = 10.7;
				ONLY_ACTIVE_ARCH = NO;
				PREBINDING = NO;
				PRODUCT_NAME = CamelBones;
				SDKROOT = macosx;
				USER_HEADER_SEARCH_PATHS = "/opt/local/lib/perl5/5.22/darwin-thread-multi-2level/CORE/";
			};
			name = Release;
		};
		FFE361401057267700F0CA90 /* Debug */ = {
			isa = XCBuildConfiguration;
			buildSettings = {
				COPY_PHASE_STRIP = NO;
				GCC_DYNAMIC_NO_PIC = NO;
				GCC_GENERATE_DEBUGGING_SYMBOLS = YES;
				GCC_OPTIMIZATION_LEVEL = 0;
				PRODUCT_NAME = All;
			};
			name = Debug;
		};
		FFE361411057267700F0CA90 /* Release */ = {
			isa = XCBuildConfiguration;
			buildSettings = {
				COPY_PHASE_STRIP = YES;
				GCC_ENABLE_FIX_AND_CONTINUE = NO;
				GCC_GENERATE_DEBUGGING_SYMBOLS = NO;
				PRODUCT_NAME = All;
				ZERO_LINK = NO;
			};
			name = Release;
		};
		FFE361421057267700F0CA90 /* Release-App-Embedded */ = {
			isa = XCBuildConfiguration;
			buildSettings = {
				PRODUCT_NAME = All;
			};
			name = "Release-App-Embedded";
		};
		FFE361431057267700F0CA90 /* Release-Lib-Embedded */ = {
			isa = XCBuildConfiguration;
			buildSettings = {
				PRODUCT_NAME = All;
			};
			name = "Release-Lib-Embedded";
		};
/* End XCBuildConfiguration section */

/* Begin XCConfigurationList section */
		826184181BA80E0E00D8B9AB /* Build configuration list for PBXNativeTarget "darwin-thread-multi-2level-5.22" */ = {
			isa = XCConfigurationList;
			buildConfigurations = (
				826184191BA80E0E00D8B9AB /* Debug */,
				8261841A1BA80E0E00D8B9AB /* Release */,
				8261841B1BA80E0E00D8B9AB /* Release-App-Embedded */,
				8261841C1BA80E0E00D8B9AB /* Release-Lib-Embedded */,
			);
			defaultConfigurationIsVisible = 0;
			defaultConfigurationName = Release;
		};
		826184251BA80E2400D8B9AB /* Build configuration list for PBXAggregateTarget "Perl Module (5.22.0)" */ = {
			isa = XCConfigurationList;
			buildConfigurations = (
				826184261BA80E2400D8B9AB /* Debug */,
				826184271BA80E2400D8B9AB /* Release */,
				826184281BA80E2400D8B9AB /* Release-App-Embedded */,
				826184291BA80E2400D8B9AB /* Release-Lib-Embedded */,
			);
			defaultConfigurationIsVisible = 0;
			defaultConfigurationName = Release;
		};
		826184391BA80ECD00D8B9AB /* Build configuration list for PBXAggregateTarget "PAR Kits (5.22.0)" */ = {
			isa = XCConfigurationList;
			buildConfigurations = (
				8261843A1BA80ECD00D8B9AB /* Debug */,
				8261843B1BA80ECD00D8B9AB /* Release */,
				8261843C1BA80ECD00D8B9AB /* Release-App-Embedded */,
				8261843D1BA80ECD00D8B9AB /* Release-Lib-Embedded */,
			);
			defaultConfigurationIsVisible = 0;
			defaultConfigurationName = Release;
		};
		AA50E2060C87571F004DA7BD /* Build configuration list for PBXProject "CamelBones" */ = {
			isa = XCConfigurationList;
			buildConfigurations = (
				AA50E2070C87571F004DA7BD /* Debug */,
				AA50E2080C87571F004DA7BD /* Release */,
				AA6C31C40CCC912D00306BD7 /* Release-App-Embedded */,
				AA6C31C50CCC912D00306BD7 /* Release-Lib-Embedded */,
			);
			defaultConfigurationIsVisible = 0;
			defaultConfigurationName = Release;
		};
		AA7F61710DCCFBA900D20E5E /* Build configuration list for PBXAggregateTarget "All" */ = {
			isa = XCConfigurationList;
			buildConfigurations = (
				AA7F61720DCCFBA900D20E5E /* Debug */,
				AA7F61730DCCFBA900D20E5E /* Release */,
				AA7F61740DCCFBA900D20E5E /* Release-App-Embedded */,
				AA7F61750DCCFBA900D20E5E /* Release-Lib-Embedded */,
			);
			defaultConfigurationIsVisible = 0;
			defaultConfigurationName = Release;
		};
		AA9142030CC98CCE0055B0E5 /* Build configuration list for PBXNativeTarget "CamelBones.framework" */ = {
			isa = XCConfigurationList;
			buildConfigurations = (
				AA9142040CC98CCE0055B0E5 /* Debug */,
				AA9142050CC98CCE0055B0E5 /* Release */,
				AA6C31BA0CCC912D00306BD7 /* Release-App-Embedded */,
				AA6C31BB0CCC912D00306BD7 /* Release-Lib-Embedded */,
			);
			defaultConfigurationIsVisible = 0;
			defaultConfigurationName = Release;
		};
		FFE3613F1057267700F0CA90 /* Build configuration list for PBXAggregateTarget "Snow Leopard" */ = {
			isa = XCConfigurationList;
			buildConfigurations = (
				FFE361401057267700F0CA90 /* Debug */,
				FFE361411057267700F0CA90 /* Release */,
				FFE361421057267700F0CA90 /* Release-App-Embedded */,
				FFE361431057267700F0CA90 /* Release-Lib-Embedded */,
			);
			defaultConfigurationIsVisible = 0;
			defaultConfigurationName = Release;
		};
/* End XCConfigurationList section */
	};
	rootObject = AA50E2050C87571F004DA7BD /* Project object */;
}
